[[package]]
name = "certifi"
version = "2021.10.8"
description = "Python package for providing Mozilla's CA Bundle."
category = "main"
optional = false
python-versions = "*"

[[package]]
name = "cftime"
version = "1.5.2"
description = "Time-handling functionality from netcdf4-python"
category = "main"
optional = false
python-versions = "*"

[package.dependencies]
numpy = ">1.13.3"

[[package]]
name = "charset-normalizer"
version = "2.0.11"
description = "The Real First Universal Charset Detector. Open, modern and actively maintained alternative to Chardet."
category = "main"
optional = false
python-versions = ">=3.5.0"

[package.extras]
unicode_backport = ["unicodedata2"]

[[package]]
name = "cmake"
version = "3.22.2"
description = "CMake is an open-source, cross-platform family of tools designed to build, test and package software"
category = "main"
optional = false
python-versions = "*"

[package.extras]
test = ["codecov (>=2.0.5)", "coverage (>=4.2)", "flake8 (>=3.0.4)", "path.py (>=11.5.0)", "pytest (>=3.0.3)", "pytest-cov (>=2.4.0)", "pytest-runner (>=2.9)", "pytest-virtualenv (>=1.7.0)", "scikit-build (>=0.10.0)", "setuptools (>=28.0.0)", "virtualenv (>=15.0.3)", "wheel"]

[[package]]
name = "cython"
version = "0.29.27"
description = "The Cython compiler for writing C extensions for the Python language."
category = "main"
optional = false
python-versions = ">=2.6, !=3.0.*, !=3.1.*, !=3.2.*"

[[package]]
name = "dionysus"
version = "2.0.8"
description = "Library for computing persistent homology"
category = "main"
optional = false
python-versions = "*"

[[package]]
name = "idna"
version = "3.3"
description = "Internationalized Domain Names in Applications (IDNA)"
category = "main"
optional = false
python-versions = ">=3.5"

[[package]]
name = "netcdf4"
version = "1.5.8"
description = "Provides an object-oriented python interface to the netCDF version 4 library."
category = "main"
optional = false
python-versions = "*"

[package.dependencies]
cftime = "*"
numpy = ">=1.9"

[[package]]
name = "numpy"
version = "1.21.5"
description = "NumPy is the fundamental package for array computing with Python."
category = "main"
optional = false
python-versions = ">=3.7,<3.11"

[[package]]
name = "psutil"
version = "5.9.0"
description = "Cross-platform lib for process and system monitoring in Python."
category = "main"
optional = false
python-versions = ">=2.6, !=3.0.*, !=3.1.*, !=3.2.*, !=3.3.*"

[package.extras]
test = ["ipaddress", "mock", "unittest2", "enum34", "pywin32", "wmi"]

[[package]]
name = "pybind11"
version = "2.9.0"
description = "Seamless operability between C++11 and Python"
category = "main"
optional = false
python-versions = "!=3.0,!=3.1,!=3.2,!=3.3,!=3.4,>=2.7"

[package.extras]
global = ["pybind11-global (==2.9.0)"]

[[package]]
name = "requests"
version = "2.27.1"
description = "Python HTTP for Humans."
category = "main"
optional = false
python-versions = ">=2.7, !=3.0.*, !=3.1.*, !=3.2.*, !=3.3.*, !=3.4.*, !=3.5.*"

[package.dependencies]
certifi = ">=2017.4.17"
charset-normalizer = {version = ">=2.0.0,<2.1.0", markers = "python_version >= \"3\""}
idna = {version = ">=2.5,<4", markers = "python_version >= \"3\""}
urllib3 = ">=1.21.1,<1.27"

[package.extras]
socks = ["PySocks (>=1.5.6,!=1.5.7)", "win-inet-pton"]
use_chardet_on_py3 = ["chardet (>=3.0.2,<5)"]

[[package]]
name = "scipy"
version = "1.7.3"
description = "SciPy: Scientific Library for Python"
category = "main"
optional = false
python-versions = ">=3.7,<3.11"

[package.dependencies]
numpy = ">=1.16.5,<1.23.0"

[[package]]
name = "urllib3"
version = "1.26.8"
description = "HTTP library with thread-safe connection pooling, file post, and more."
category = "main"
optional = false
python-versions = ">=2.7, !=3.0.*, !=3.1.*, !=3.2.*, !=3.3.*, !=3.4.*, <4"

[package.extras]
brotli = ["brotlipy (>=0.6.0)"]
secure = ["pyOpenSSL (>=0.14)", "cryptography (>=1.3.4)", "idna (>=2.0.0)", "certifi", "ipaddress"]
socks = ["PySocks (>=1.5.6,!=1.5.7,<2.0)"]

[metadata]
lock-version = "1.1"
python-versions = ">=3.7,<3.11"
content-hash = "6c33ece444d10176a73d7d6e89034af2c8e3f25e9146bfbcaf7162897dbc62bd"

[metadata.files]
certifi = [
    {file = "certifi-2021.10.8-py2.py3-none-any.whl", hash = "sha256:d62a0163eb4c2344ac042ab2bdf75399a71a2d8c7d47eac2e2ee91b9d6339569"},
    {file = "certifi-2021.10.8.tar.gz", hash = "sha256:78884e7c1d4b00ce3cea67b44566851c4343c120abd683433ce934a68ea58872"},
]
cftime = [
    {file = "cftime-1.5.2-cp310-cp310-macosx_10_9_universal2.whl", hash = "sha256:1eac1695ffcd7cc02e0fc608c5ba7373f1bc39b56a8e76ba62136f1d9ca7069b"},
    {file = "cftime-1.5.2-cp310-cp310-macosx_10_9_x86_64.whl", hash = "sha256:291d7d5f19525d2b667fc4ba7d18bcd95ece8384224f8e8ee22c8e72ebddf4de"},
    {file = "cftime-1.5.2-cp310-cp310-macosx_11_0_arm64.whl", hash = "sha256:740d11d0b567390e2892d1dd81387cc2e547b1856ed3969dd51c4a089d9501b2"},
    {file = "cftime-1.5.2-cp310-cp310-manylinux_2_17_x86_64.manylinux2014_x86_64.whl", hash = "sha256:5ff10b4ac0be73ee319c1dded6814e509d52ccb993da8a6496f153f5bb0e6efb"},
    {file = "cftime-1.5.2-cp310-cp310-manylinux_2_5_i686.manylinux1_i686.manylinux_2_17_i686.manylinux2014_i686.whl", hash = "sha256:07e8f183ed9143308d098b149539ae2a29b367ca825126efaa835d9fda7c7c3f"},
    {file = "cftime-1.5.2-cp310-none-win_amd64.whl", hash = "sha256:e7fe234c7bbc04af7d1d8a2ee5649f9a2f2de2aa424996453ed2173302bd9638"},
    {file = "cftime-1.5.2-cp36-cp36m-macosx_10_9_x86_64.whl", hash = "sha256:3fb31f26828c909c0234834a8882c137428d75638734ba8d2ef9e66a57e81fec"},
    {file = "cftime-1.5.2-cp36-cp36m-manylinux_2_17_aarch64.manylinux2014_aarch64.whl", hash = "sha256:670bc389b7d7a7e61cf42e7842a820c059efb2adce50eacef51e25389daab01f"},
    {file = "cftime-1.5.2-cp36-cp36m-manylinux_2_17_x86_64.manylinux2014_x86_64.whl", hash = "sha256:5c8716983468ebfa9b6fba0040881f431334ea56ad9d1df075ae15cd37ae7985"},
    {file = "cftime-1.5.2-cp36-cp36m-manylinux_2_5_i686.manylinux1_i686.manylinux_2_17_i686.manylinux2014_i686.whl", hash = "sha256:832c7674f6fec8bdacc09928bd976600d886035ad39d2e781897a0e180552fce"},
    {file = "cftime-1.5.2-cp36-none-win_amd64.whl", hash = "sha256:695f45898a00acceed4795f76b2ac4f1455945fe9e3a174b0ea9fff9dc2c9a17"},
    {file = "cftime-1.5.2-cp37-cp37m-macosx_10_9_x86_64.whl", hash = "sha256:f24330721024500b5dbe87f164aa30b82a0e785f62d3d09fb9efeac5e5623385"},
    {file = "cftime-1.5.2-cp37-cp37m-manylinux_2_17_aarch64.manylinux2014_aarch64.whl", hash = "sha256:4bd4a94376989a6cf69d4a59e9e5871d19ded6de9956e4fc6b5d2775d509c49e"},
    {file = "cftime-1.5.2-cp37-cp37m-manylinux_2_17_x86_64.manylinux2014_x86_64.whl", hash = "sha256:a818f59878ed029066748980ecfd435600be76b62f9269ddc06da91668ed506a"},
    {file = "cftime-1.5.2-cp37-cp37m-manylinux_2_5_i686.manylinux1_i686.manylinux_2_17_i686.manylinux2014_i686.whl", hash = "sha256:6bfb44c72e277c12f60c4c4b6186963191743bf80a438246d37c7320a95fa54a"},
    {file = "cftime-1.5.2-cp37-none-win_amd64.whl", hash = "sha256:a9db712b1092771d7e79c3e44838f2ddd751fad874d90d05b37c209c9dd160ea"},
    {file = "cftime-1.5.2-cp38-cp38-macosx_10_9_universal2.whl", hash = "sha256:2b774870f21045c7b0728ac3cdea9c57a2121c01eb95bf17e0ed4aaf58a939ef"},
    {file = "cftime-1.5.2-cp38-cp38-macosx_10_9_x86_64.whl", hash = "sha256:be258adaba9298d00cd420e27f5ba4a3e379aaf4d7009d8826f607ca58c9b813"},
    {file = "cftime-1.5.2-cp38-cp38-macosx_11_0_arm64.whl", hash = "sha256:bf7021e635126323ca84622838fef634f9dd5334c1c5658b7a9181bb4d819d27"},
    {file = "cftime-1.5.2-cp38-cp38-manylinux_2_17_aarch64.manylinux2014_aarch64.whl", hash = "sha256:c49599320537db1c067f1d77e00264a3d3c53ebde13a0e62269c1c2cf9828d72"},
    {file = "cftime-1.5.2-cp38-cp38-manylinux_2_17_x86_64.manylinux2014_x86_64.whl", hash = "sha256:f904e3efa04adc727e787b1306ef50c181e9c448a71656938d7483cc104c90c8"},
    {file = "cftime-1.5.2-cp38-cp38-manylinux_2_5_i686.manylinux1_i686.manylinux_2_17_i686.manylinux2014_i686.whl", hash = "sha256:1f3d8623b1f6c35a4b8c702bf1f4ec5340713b8e2944fd549f8f8a25abd2f0ff"},
    {file = "cftime-1.5.2-cp38-none-win_amd64.whl", hash = "sha256:cfebcf6e9e5afe015d848908cb7d56009aa98b3a63a28bcd6faee18b8d7b75de"},
    {file = "cftime-1.5.2-cp39-cp39-macosx_10_9_universal2.whl", hash = "sha256:1f336afb2841ae769b33a720237ab2a4ccd8c14160f1332d2813a39ac9d1c045"},
    {file = "cftime-1.5.2-cp39-cp39-macosx_10_9_x86_64.whl", hash = "sha256:7410c1435d52758c8cf2d46b8021c5bfcabf2ad85e360a466bc2b6d224316a82"},
    {file = "cftime-1.5.2-cp39-cp39-macosx_11_0_arm64.whl", hash = "sha256:66af87cdde654d0cde0a0b936d11e0675b57697b369a142de8d5e5efae1e53d8"},
    {file = "cftime-1.5.2-cp39-cp39-manylinux_2_17_aarch64.manylinux2014_aarch64.whl", hash = "sha256:1ae8313bce817bf4a8de0569bc97332101fc580e457bc9ff7afe42ac090c7c7b"},
    {file = "cftime-1.5.2-cp39-cp39-manylinux_2_17_x86_64.manylinux2014_x86_64.whl", hash = "sha256:c8ad56b7185a68fa4b0b27fee949cb7af2de1ca37207e177efc9231a0785562b"},
    {file = "cftime-1.5.2-cp39-cp39-manylinux_2_5_i686.manylinux1_i686.manylinux_2_17_i686.manylinux2014_i686.whl", hash = "sha256:bf9871732414fa2841452fd0f9233e52f4e1bf49ba47005ea81bff0f9c4f40a1"},
    {file = "cftime-1.5.2-cp39-none-win_amd64.whl", hash = "sha256:dfc6a15acce854571d82565aac3d47df40317f2290e8e304a89dcb9351de19eb"},
    {file = "cftime-1.5.2.tar.gz", hash = "sha256:375d37d9ab8bf501c048e44efce2276296e3d67bb276e891e0e93b0a8bbb988a"},
]
charset-normalizer = [
    {file = "charset-normalizer-2.0.11.tar.gz", hash = "sha256:98398a9d69ee80548c762ba991a4728bfc3836768ed226b3945908d1a688371c"},
    {file = "charset_normalizer-2.0.11-py3-none-any.whl", hash = "sha256:2842d8f5e82a1f6aa437380934d5e1cd4fcf2003b06fed6940769c164a480a45"},
]
cmake = [
    {file = "cmake-3.22.2-py2.py3-none-macosx_10_9_universal2.macosx_10_9_x86_64.macosx_11_0_arm64.macosx_11_0_universal2.whl", hash = "sha256:7bc1c50c9131105b4892528183475d3fc564f3d611f0fe2f1b1bd184f7de1fd4"},
    {file = "cmake-3.22.2-py2.py3-none-manylinux_2_17_aarch64.manylinux2014_aarch64.whl", hash = "sha256:ccb57bf773fdc0d3d299da387f7d46f38b452608fdc3100aa294dbb25d216515"},
    {file = "cmake-3.22.2-py2.py3-none-manylinux_2_17_i686.manylinux2014_i686.whl", hash = "sha256:0801156be44344de6b1427ee8e845850d113868001c4c5bd415caf8d44328b8f"},
    {file = "cmake-3.22.2-py2.py3-none-manylinux_2_17_ppc64le.manylinux2014_ppc64le.whl", hash = "sha256:43b820c4b880e28c10ff78ea0189deed77d77ddc166bb3fd807fa848a2822a25"},
    {file = "cmake-3.22.2-py2.py3-none-manylinux_2_17_s390x.manylinux2014_s390x.whl", hash = "sha256:026edb77648e9d84e2f446534a964513cf5ea82f226996bbe6dc480fb8048cf9"},
    {file = "cmake-3.22.2-py2.py3-none-manylinux_2_17_x86_64.manylinux2014_x86_64.whl", hash = "sha256:6aff4053fb344dc3d89a3ebd4ef66dd6ba0c8bf0130a2fd3fb8c65baf7316518"},
    {file = "cmake-3.22.2-py2.py3-none-manylinux_2_5_i686.manylinux1_i686.whl", hash = "sha256:9bc25b9c8be9507f4fc2004931f0d2f680eeae7c00f6d21aa168839a8aee7432"},
    {file = "cmake-3.22.2-py2.py3-none-manylinux_2_5_x86_64.manylinux1_x86_64.whl", hash = "sha256:e01697d8beefd3cb2224aa70139858b6f515fc74348447fe97ddef8b56bf1cb9"},
    {file = "cmake-3.22.2-py2.py3-none-musllinux_1_1_aarch64.whl", hash = "sha256:457e4990e8459cacbe37df6fb1aaf9648d6d08788d8b5f526c46a19d3cd7b700"},
    {file = "cmake-3.22.2-py2.py3-none-musllinux_1_1_i686.whl", hash = "sha256:29eecf8285be72db820a60fa4adfc7b1f4c2acc0f3181881d191587ac5272e8c"},
    {file = "cmake-3.22.2-py2.py3-none-musllinux_1_1_ppc64le.whl", hash = "sha256:87cce96f5bd40987741718462fa29138d17bb8dbd24cd2a3f0824d2210cac429"},
    {file = "cmake-3.22.2-py2.py3-none-musllinux_1_1_s390x.whl", hash = "sha256:a642208015f3ffbc95dce55c23058ee7c562d3dece0da398f8d3276f45f5ee34"},
    {file = "cmake-3.22.2-py2.py3-none-musllinux_1_1_x86_64.whl", hash = "sha256:7f10f00b863f2c60b585ebb45ae048174d450982c2595f336fcbbd6695a50e19"},
    {file = "cmake-3.22.2-py2.py3-none-win32.whl", hash = "sha256:fd3168e2535ddd0bd9bfff0e4aeb921a61a8351c272654ba71b518da502b9ec2"},
    {file = "cmake-3.22.2-py2.py3-none-win_amd64.whl", hash = "sha256:9f5f563e89a3ee8873a4c48c69d8a32331749da3c3b657d0f0ac74b659e87954"},
    {file = "cmake-3.22.2.tar.gz", hash = "sha256:b5bd5eeb488b13cf64ec963800f3d979eaeb90b4382861b86909df503379e219"},
]
cython = [
    {file = "Cython-0.29.27-cp27-cp27m-manylinux_2_5_i686.manylinux1_i686.whl", hash = "sha256:af2b4e1e267737dae1732f02a9b567f58420a3e2f572dc4416829647ec109886"},
    {file = "Cython-0.29.27-cp27-cp27m-manylinux_2_5_x86_64.manylinux1_x86_64.whl", hash = "sha256:62326774873cd1eff0cf7ca9132a1b6442541fe67c84dcfe97beb6a30f983b22"},
    {file = "Cython-0.29.27-cp27-cp27mu-manylinux_2_5_i686.manylinux1_i686.whl", hash = "sha256:0cb3da73547ed22d4b579990c229620b274d6935e3964f21abe15e4f7af6abf1"},
    {file = "Cython-0.29.27-cp27-cp27mu-manylinux_2_5_x86_64.manylinux1_x86_64.whl", hash = "sha256:314280475ba4ab334e6b40e502a1b3b36ac37a710a63b0a74c6a61dde5f7593c"},
    {file = "Cython-0.29.27-cp310-cp310-manylinux_2_17_aarch64.manylinux2014_aarch64.manylinux_2_24_aarch64.whl", hash = "sha256:8e2963153212c3e699276059095fd9e20c5c97872b6dda893e7acfc5cef64df8"},
    {file = "Cython-0.29.27-cp310-cp310-manylinux_2_17_x86_64.manylinux2014_x86_64.manylinux_2_24_x86_64.whl", hash = "sha256:80ea3b60d5e5b3b13ce90a4071734bbd88cf688fcfd3c82db0b47ae1e944c6a2"},
    {file = "Cython-0.29.27-cp310-cp310-manylinux_2_5_i686.manylinux1_i686.manylinux_2_24_i686.whl", hash = "sha256:25cb8e663dbd1e14a8f05dd6a79974ce6f0232b4dc417000fd790938face0304"},
    {file = "Cython-0.29.27-cp310-cp310-musllinux_1_1_x86_64.whl", hash = "sha256:7f3a5b826d9650268ff9bd7308bf79d8077b3b452da03337656d455bba05a9be"},
    {file = "Cython-0.29.27-cp35-cp35m-manylinux_2_5_i686.manylinux1_i686.whl", hash = "sha256:a1035e568cdc48dbd74f565828b36019fdb1b1437b3d7c1164c6f2a0757608f7"},
    {file = "Cython-0.29.27-cp35-cp35m-manylinux_2_5_x86_64.manylinux1_x86_64.whl", hash = "sha256:179e8cf796f72df8977705c7887eee3231945f665c594ad1631fe690363bfb8e"},
    {file = "Cython-0.29.27-cp36-cp36m-manylinux_2_17_aarch64.manylinux2014_aarch64.manylinux_2_24_aarch64.whl", hash = "sha256:abcefbfb2c8f1b35c121a727745eb03c64cc15d0d71ebd827a6ce5c609503daa"},
    {file = "Cython-0.29.27-cp36-cp36m-manylinux_2_17_x86_64.manylinux2014_x86_64.manylinux_2_24_x86_64.whl", hash = "sha256:7742cac4a5a41c73309bc1bab568e955ad35eacaedf3b00971bc44afe0b5f04e"},
    {file = "Cython-0.29.27-cp36-cp36m-manylinux_2_5_i686.manylinux1_i686.manylinux_2_24_i686.whl", hash = "sha256:f4a01915e33a524fca2a1e2512c0afc07f9fc51637f874bed1a831b56e789374"},
    {file = "Cython-0.29.27-cp36-cp36m-manylinux_2_5_i686.manylinux1_i686.whl", hash = "sha256:3138e4f89cb7e79d35bd6cbefe2d62c4723f2184ee414905ee0981ae0fbd92d6"},
    {file = "Cython-0.29.27-cp36-cp36m-manylinux_2_5_x86_64.manylinux1_x86_64.whl", hash = "sha256:2dfdb4d5f63a0ae6748592b319878cbe360b12997cd8074836ef159381955d16"},
    {file = "Cython-0.29.27-cp36-cp36m-musllinux_1_1_x86_64.whl", hash = "sha256:4b9dbe37907b6b76d9673720e848209399b48530f6ab6178fa3a49d1af4a8d00"},
    {file = "Cython-0.29.27-cp37-cp37m-manylinux_2_17_aarch64.manylinux2014_aarch64.manylinux_2_24_aarch64.whl", hash = "sha256:ab4301aabcd75a436df0bbe13dbd9a3a9b6d3ad6aeb3ab577606af1642e134c2"},
    {file = "Cython-0.29.27-cp37-cp37m-manylinux_2_17_x86_64.manylinux2014_x86_64.manylinux_2_24_x86_64.whl", hash = "sha256:93e9f7c522f5ab3ea4e32ce6f42b123cb0bd9cdfe49726b5e43c4e5719654146"},
    {file = "Cython-0.29.27-cp37-cp37m-manylinux_2_5_i686.manylinux1_i686.manylinux_2_24_i686.whl", hash = "sha256:6d337965a49dd52bc410685dbf63f2a95d6aa8d8be153a87c4178a06ff0e8ccd"},
    {file = "Cython-0.29.27-cp37-cp37m-manylinux_2_5_i686.manylinux1_i686.whl", hash = "sha256:1500dce7ae102bb27243b92a8461b9f7fd08c4514886e9a0da8b266de8e5c561"},
    {file = "Cython-0.29.27-cp37-cp37m-manylinux_2_5_x86_64.manylinux1_x86_64.whl", hash = "sha256:03e0e9164e0a279c094897c6ae1505d816da59f98d664a77911b8d33f492e3f3"},
    {file = "Cython-0.29.27-cp37-cp37m-musllinux_1_1_x86_64.whl", hash = "sha256:0636e377ad81b8a106b12cddc57d3e69df94e03c77bdbccd0bd4394dda2484c9"},
    {file = "Cython-0.29.27-cp38-cp38-manylinux_2_17_aarch64.manylinux2014_aarch64.manylinux_2_24_aarch64.whl", hash = "sha256:77519bc6816a0fa648795ef0d5337c18e4b7be1c43c4944599a87004037579c5"},
    {file = "Cython-0.29.27-cp38-cp38-manylinux_2_17_x86_64.manylinux2014_x86_64.manylinux_2_24_x86_64.whl", hash = "sha256:65757e10590a1fbce84135491a5b53a1dc8c792cff78db4bb76b09d6df21dc0e"},
    {file = "Cython-0.29.27-cp38-cp38-manylinux_2_5_i686.manylinux1_i686.manylinux_2_24_i686.whl", hash = "sha256:0bf5182c6bf3fe73cf14f902506baa2b6ec3cea057775393f24eb66d3f2d1a51"},
    {file = "Cython-0.29.27-cp38-cp38-manylinux_2_5_i686.manylinux1_i686.whl", hash = "sha256:d46fef39778dfb1d62e577c02dd2bac3930b9d28419d070ee0dae297e4a90af1"},
    {file = "Cython-0.29.27-cp38-cp38-manylinux_2_5_x86_64.manylinux1_x86_64.whl", hash = "sha256:ca361afc6152221476bc89c335d54b8241502c57b89c760ded9f2f2de2e2a0b5"},
    {file = "Cython-0.29.27-cp38-cp38-musllinux_1_1_x86_64.whl", hash = "sha256:00c0f379763bf5f37a2180e4943cb69d0d96e90637aba596c3d9bc061c09f44d"},
    {file = "Cython-0.29.27-cp39-cp39-manylinux_2_17_aarch64.manylinux2014_aarch64.manylinux_2_24_aarch64.whl", hash = "sha256:a571dcba3fbd755c187bb464a4cdaf1ce71ca7b92bdb8122c46c1812b86b6c2f"},
    {file = "Cython-0.29.27-cp39-cp39-manylinux_2_17_x86_64.manylinux2014_x86_64.manylinux_2_24_x86_64.whl", hash = "sha256:11e88a9826ad71a0ab7eda04d065cb34f320b2f453bc654436c42870f79a7c47"},
    {file = "Cython-0.29.27-cp39-cp39-manylinux_2_5_i686.manylinux1_i686.manylinux_2_24_i686.whl", hash = "sha256:f3c738662c572676883561a393c8fb6e7a807ffb8fcd286c510ed88c27f53a65"},
    {file = "Cython-0.29.27-cp39-cp39-manylinux_2_5_i686.manylinux1_i686.whl", hash = "sha256:6670e5643fa05112aa88ea8f54088396fe5c113383cd898100450ad156fe1e4a"},
    {file = "Cython-0.29.27-cp39-cp39-manylinux_2_5_x86_64.manylinux1_x86_64.whl", hash = "sha256:f054331ed29f81cfd22335b96af9d33788b01338b1a5b7939f18412336ab06fd"},
    {file = "Cython-0.29.27-cp39-cp39-musllinux_1_1_x86_64.whl", hash = "sha256:7149835ef701f8f9a417059253f52f393e4334d3819caf8ceab4194c9c4098ce"},
    {file = "Cython-0.29.27-py2.py3-none-any.whl", hash = "sha256:8e7ced83f7a3ab619abe03fa2ae2de888cc429028263c95655189085346b8fcc"},
    {file = "Cython-0.29.27.tar.gz", hash = "sha256:c6a442504db906dfc13a480e96850cced994ecdc076bcf492c43515b78f70da2"},
]
dionysus = [
    {file = "dionysus-2.0.8-cp39-cp39-macosx_10_15_x86_64.whl", hash = "sha256:6f3f641326786d159895dade8b84df5de4fd6bafcb59241f3a1c26a4717f8843"},
    {file = "dionysus-2.0.8.tar.gz", hash = "sha256:7ea34f76e3d796d2ae2c66e3369037a70b0430b8869175ec34cae2649a485157"},
]
idna = [
    {file = "idna-3.3-py3-none-any.whl", hash = "sha256:84d9dd047ffa80596e0f246e2eab0b391788b0503584e8945f2368256d2735ff"},
    {file = "idna-3.3.tar.gz", hash = "sha256:9d643ff0a55b762d5cdb124b8eaa99c66322e2157b69160bc32796e824360e6d"},
]
netcdf4 = [
    {file = "netCDF4-1.5.8-cp310-cp310-macosx_10_9_universal2.whl", hash = "sha256:fd501ccb28ebae6770112968c750a14feb39cb495d788aa67c28360f7c1f2324"},
    {file = "netCDF4-1.5.8-cp310-cp310-manylinux_2_17_i686.manylinux2014_i686.whl", hash = "sha256:8b4fac95819b0c17ca5fc1a4e8bb31116b6b808cceca0aa8b475bb50abab1063"},
    {file = "netCDF4-1.5.8-cp310-cp310-manylinux_2_17_x86_64.manylinux2014_x86_64.whl", hash = "sha256:e118bfccda464a381187b1f9c771bf9581c83c566faab309a8ec3f781668da4e"},
    {file = "netCDF4-1.5.8-cp310-cp310-win32.whl", hash = "sha256:bdba6ea34680a4c1b7018a4a7155f6112acd063289923c0c61918707e9f26910"},
    {file = "netCDF4-1.5.8-cp310-cp310-win_amd64.whl", hash = "sha256:339e534057be0b1998f80faeb8f9851f28b42cee5a6047e1adf12c0e38235437"},
    {file = "netCDF4-1.5.8-cp36-cp36m-macosx_10_9_x86_64.whl", hash = "sha256:804d312a10e6fb196df16bf0d811624d885a51b7ebb3bc648278faa62ffece26"},
    {file = "netCDF4-1.5.8-cp36-cp36m-manylinux_2_17_aarch64.manylinux2014_aarch64.whl", hash = "sha256:1442048c93ac668d61d1675a0b0f3aea3a73efa2969636af0cb95a52d119acec"},
    {file = "netCDF4-1.5.8-cp36-cp36m-manylinux_2_17_i686.manylinux2014_i686.whl", hash = "sha256:f5e9e1ca99aca1f6d40054ef42b97cf6d00c59d8a438f580cf9dfc309a8eb870"},
    {file = "netCDF4-1.5.8-cp36-cp36m-manylinux_2_17_x86_64.manylinux2014_x86_64.whl", hash = "sha256:7519c1e8ad8d3d72636a0aedb5d79bb90556037a59d83811e2057f09ca272b52"},
    {file = "netCDF4-1.5.8-cp37-cp37m-macosx_10_9_x86_64.whl", hash = "sha256:0774309a8b684654c0bbd4d55bcccaa399ffa6870b5dc2e35dbe919ec637a51f"},
    {file = "netCDF4-1.5.8-cp37-cp37m-manylinux_2_17_aarch64.manylinux2014_aarch64.whl", hash = "sha256:a9ba575047ba1be7cf5f1b712c987ce329b4d092582d92c2e268296a06bfa639"},
    {file = "netCDF4-1.5.8-cp37-cp37m-manylinux_2_17_i686.manylinux2014_i686.whl", hash = "sha256:b2b0f370cda5cc5f46239e0a219bf8d4cf442c7d49dbd1c89abb39e71e266c60"},
    {file = "netCDF4-1.5.8-cp37-cp37m-manylinux_2_17_x86_64.manylinux2014_x86_64.whl", hash = "sha256:29426faabdc017e89572ff1d7835dab426aae4c22ad1a12d1877b932e969b6ac"},
    {file = "netCDF4-1.5.8-cp37-cp37m-win32.whl", hash = "sha256:225d17f7a487ebdab99640294203b61e39e01c951b4e6a4f578d8251623f5f5a"},
    {file = "netCDF4-1.5.8-cp37-cp37m-win_amd64.whl", hash = "sha256:f86399073b582bccd278006ee0213548e7037395e1119f1af9f4faad38279b1e"},
    {file = "netCDF4-1.5.8-cp38-cp38-macosx_10_9_x86_64.whl", hash = "sha256:f92b92f758dfc903af2a8a287fd68a531f73ffd3e5be72b5ad1eb3f083e7aaa2"},
    {file = "netCDF4-1.5.8-cp38-cp38-manylinux_2_17_aarch64.manylinux2014_aarch64.whl", hash = "sha256:7326afa46fd0c1b50d30db9764a1eefbcff576fcffa8e48bef403094590563b8"},
    {file = "netCDF4-1.5.8-cp38-cp38-manylinux_2_17_i686.manylinux2014_i686.whl", hash = "sha256:916434a13ea317934cf248fb70dd5476c498f1def71041fc7e3fd23882ef2cda"},
    {file = "netCDF4-1.5.8-cp38-cp38-manylinux_2_17_x86_64.manylinux2014_x86_64.whl", hash = "sha256:75ecf1ef2c841aace539f3326d101efda7c99f6c3283c48a444370aba48525af"},
    {file = "netCDF4-1.5.8-cp38-cp38-win32.whl", hash = "sha256:bd35c37342d9051d2b8fb12a9208856cc59201a94c78a742a198c81813cb00a8"},
    {file = "netCDF4-1.5.8-cp38-cp38-win_amd64.whl", hash = "sha256:bdd344d8de65849fa200f69941f1b15a2611b11b307161ce2fd8ff42148507e8"},
    {file = "netCDF4-1.5.8-cp39-cp39-macosx_10_9_x86_64.whl", hash = "sha256:0f570b5b4cc0434ef8a2a648fdebfa017de695ea7c836b24ae7b216ede4e3345"},
    {file = "netCDF4-1.5.8-cp39-cp39-manylinux_2_17_aarch64.manylinux2014_aarch64.whl", hash = "sha256:5c883a02c55fd1e5b61ad4f83dd7f11f90b894e14d120ba678d9c33d9e4b3a77"},
    {file = "netCDF4-1.5.8-cp39-cp39-manylinux_2_17_i686.manylinux2014_i686.whl", hash = "sha256:d784d6cf5baa90909f385bf60ead91138f13ff7f870467e458fb3650ef71b48d"},
    {file = "netCDF4-1.5.8-cp39-cp39-manylinux_2_17_x86_64.manylinux2014_x86_64.whl", hash = "sha256:49a44c7382e5e1da39d8bab5d8e406ad30d46fda9386e85a3e69491e6caaca93"},
    {file = "netCDF4-1.5.8-cp39-cp39-win32.whl", hash = "sha256:cdb54afe51c1b06e900c0df5e8567d713ff7a26bf087116a88a99858345dadc6"},
    {file = "netCDF4-1.5.8-cp39-cp39-win_amd64.whl", hash = "sha256:318ef7dd29b365f3921f9b359ba54f62cfe3aa46ab4464f45c43624d15c4bf55"},
    {file = "netCDF4-1.5.8.tar.gz", hash = "sha256:ca3d468f4812c0999df86e3f428851fb0c17ac34ce0827115c246b0b690e4e84"},
]
numpy = [
    {file = "numpy-1.21.5-cp310-cp310-macosx_10_9_universal2.whl", hash = "sha256:301e408a052fdcda5cdcf03021ebafc3c6ea093021bf9d1aa47c54d48bdad166"},
    {file = "numpy-1.21.5-cp310-cp310-macosx_10_9_x86_64.whl", hash = "sha256:a7e8f6216f180f3fd4efb73de5d1eaefb5f5a1ee5b645c67333033e39440e63a"},
    {file = "numpy-1.21.5-cp310-cp310-macosx_11_0_arm64.whl", hash = "sha256:fc7a7d7b0ed72589fd8b8486b9b42a564f10b8762be8bd4d9df94b807af4a089"},
    {file = "numpy-1.21.5-cp310-cp310-manylinux_2_17_aarch64.manylinux2014_aarch64.whl", hash = "sha256:58ca1d7c8aef6e996112d0ce873ac9dfa1eaf4a1196b4ff7ff73880a09923ba7"},
    {file = "numpy-1.21.5-cp310-cp310-manylinux_2_17_x86_64.manylinux2014_x86_64.whl", hash = "sha256:dc4b2fb01f1b4ddbe2453468ea0719f4dbb1f5caa712c8b21bb3dd1480cd30d9"},
    {file = "numpy-1.21.5-cp310-cp310-win_amd64.whl", hash = "sha256:cc1b30205d138d1005adb52087ff45708febbef0e420386f58664f984ef56954"},
    {file = "numpy-1.21.5-cp37-cp37m-macosx_10_9_x86_64.whl", hash = "sha256:08de8472d9f7571f9d51b27b75e827f5296295fa78817032e84464be8bb905bc"},
    {file = "numpy-1.21.5-cp37-cp37m-manylinux_2_12_i686.manylinux2010_i686.whl", hash = "sha256:4fe6a006557b87b352c04596a6e3f12a57d6e5f401d804947bd3188e6b0e0e76"},
    {file = "numpy-1.21.5-cp37-cp37m-manylinux_2_12_x86_64.manylinux2010_x86_64.whl", hash = "sha256:3d893b0871322eaa2f8c7072cdb552d8e2b27645b7875a70833c31e9274d4611"},
    {file = "numpy-1.21.5-cp37-cp37m-manylinux_2_17_aarch64.manylinux2014_aarch64.whl", hash = "sha256:341dddcfe3b7b6427a28a27baa59af5ad51baa59bfec3264f1ab287aa3b30b13"},
    {file = "numpy-1.21.5-cp37-cp37m-win32.whl", hash = "sha256:ca9c23848292c6fe0a19d212790e62f398fd9609aaa838859be8459bfbe558aa"},
    {file = "numpy-1.21.5-cp37-cp37m-win_amd64.whl", hash = "sha256:025b497014bc33fc23897859350f284323f32a2fff7654697f5a5fc2a19e9939"},
    {file = "numpy-1.21.5-cp38-cp38-macosx_10_9_universal2.whl", hash = "sha256:3a5098df115340fb17fc93867317a947e1dcd978c3888c5ddb118366095851f8"},
    {file = "numpy-1.21.5-cp38-cp38-macosx_10_9_x86_64.whl", hash = "sha256:311283acf880cfcc20369201bd75da907909afc4666966c7895cbed6f9d2c640"},
    {file = "numpy-1.21.5-cp38-cp38-macosx_11_0_arm64.whl", hash = "sha256:b545ebadaa2b878c8630e5bcdb97fc4096e779f335fc0f943547c1c91540c815"},
    {file = "numpy-1.21.5-cp38-cp38-manylinux_2_12_i686.manylinux2010_i686.whl", hash = "sha256:c5562bcc1a9b61960fc8950ade44d00e3de28f891af0acc96307c73613d18f6e"},
    {file = "numpy-1.21.5-cp38-cp38-manylinux_2_12_x86_64.manylinux2010_x86_64.whl", hash = "sha256:eed2afaa97ec33b4411995be12f8bdb95c87984eaa28d76cf628970c8a2d689a"},
    {file = "numpy-1.21.5-cp38-cp38-manylinux_2_17_aarch64.manylinux2014_aarch64.whl", hash = "sha256:61bada43d494515d5b122f4532af226fdb5ee08fe5b5918b111279843dc6836a"},
    {file = "numpy-1.21.5-cp38-cp38-win32.whl", hash = "sha256:7b9d6b14fc9a4864b08d1ba57d732b248f0e482c7b2ff55c313137e3ed4d8449"},
    {file = "numpy-1.21.5-cp38-cp38-win_amd64.whl", hash = "sha256:dbce7adeb66b895c6aaa1fad796aaefc299ced597f6fbd9ceddb0dd735245354"},
    {file = "numpy-1.21.5-cp39-cp39-macosx_10_9_universal2.whl", hash = "sha256:507c05c7a37b3683eb08a3ff993bd1ee1e6c752f77c2f275260533b265ecdb6c"},
    {file = "numpy-1.21.5-cp39-cp39-macosx_10_9_x86_64.whl", hash = "sha256:00c9fa73a6989895b8815d98300a20ac993c49ac36c8277e8ffeaa3631c0dbbb"},
    {file = "numpy-1.21.5-cp39-cp39-macosx_11_0_arm64.whl", hash = "sha256:69a5a8d71c308d7ef33ef72371c2388a90e3495dbb7993430e674006f94797d5"},
    {file = "numpy-1.21.5-cp39-cp39-manylinux_2_12_i686.manylinux2010_i686.whl", hash = "sha256:2d8adfca843bc46ac199a4645233f13abf2011a0b2f4affc5c37cd552626f27b"},
    {file = "numpy-1.21.5-cp39-cp39-manylinux_2_12_x86_64.manylinux2010_x86_64.whl", hash = "sha256:c293d3c0321996cd8ffe84215ffe5d269fd9d1d12c6f4ffe2b597a7c30d3e593"},
    {file = "numpy-1.21.5-cp39-cp39-manylinux_2_17_aarch64.manylinux2014_aarch64.whl", hash = "sha256:3c978544be9e04ed12016dd295a74283773149b48f507d69b36f91aa90a643e5"},
    {file = "numpy-1.21.5-cp39-cp39-win32.whl", hash = "sha256:2a9add27d7fc0fdb572abc3b2486eb3b1395da71e0254c5552b2aad2a18b5441"},
    {file = "numpy-1.21.5-cp39-cp39-win_amd64.whl", hash = "sha256:1964db2d4a00348b7a60ee9d013c8cb0c566644a589eaa80995126eac3b99ced"},
    {file = "numpy-1.21.5-pp37-pypy37_pp73-manylinux_2_12_x86_64.manylinux2010_x86_64.whl", hash = "sha256:a7c4b701ca418cd39e28ec3b496e6388fe06de83f5f0cb74794fa31cfa384c02"},
    {file = "numpy-1.21.5.zip", hash = "sha256:6a5928bc6241264dce5ed509e66f33676fc97f464e7a919edc672fb5532221ee"},
]
psutil = [
    {file = "psutil-5.9.0-cp27-cp27m-manylinux2010_i686.whl", hash = "sha256:55ce319452e3d139e25d6c3f85a1acf12d1607ddedea5e35fb47a552c051161b"},
    {file = "psutil-5.9.0-cp27-cp27m-manylinux2010_x86_64.whl", hash = "sha256:7336292a13a80eb93c21f36bde4328aa748a04b68c13d01dfddd67fc13fd0618"},
    {file = "psutil-5.9.0-cp27-cp27mu-manylinux2010_i686.whl", hash = "sha256:cb8d10461c1ceee0c25a64f2dd54872b70b89c26419e147a05a10b753ad36ec2"},
    {file = "psutil-5.9.0-cp27-cp27mu-manylinux2010_x86_64.whl", hash = "sha256:7641300de73e4909e5d148e90cc3142fb890079e1525a840cf0dfd39195239fd"},
    {file = "psutil-5.9.0-cp27-none-win32.whl", hash = "sha256:ea42d747c5f71b5ccaa6897b216a7dadb9f52c72a0fe2b872ef7d3e1eacf3ba3"},
    {file = "psutil-5.9.0-cp27-none-win_amd64.whl", hash = "sha256:ef216cc9feb60634bda2f341a9559ac594e2eeaadd0ba187a4c2eb5b5d40b91c"},
    {file = "psutil-5.9.0-cp310-cp310-macosx_10_9_x86_64.whl", hash = "sha256:90a58b9fcae2dbfe4ba852b57bd4a1dded6b990a33d6428c7614b7d48eccb492"},
    {file = "psutil-5.9.0-cp310-cp310-manylinux_2_12_i686.manylinux2010_i686.manylinux_2_17_i686.manylinux2014_i686.whl", hash = "sha256:ff0d41f8b3e9ebb6b6110057e40019a432e96aae2008951121ba4e56040b84f3"},
    {file = "psutil-5.9.0-cp310-cp310-manylinux_2_12_x86_64.manylinux2010_x86_64.manylinux_2_17_x86_64.manylinux2014_x86_64.whl", hash = "sha256:742c34fff804f34f62659279ed5c5b723bb0195e9d7bd9907591de9f8f6558e2"},
    {file = "psutil-5.9.0-cp310-cp310-win32.whl", hash = "sha256:8293942e4ce0c5689821f65ce6522ce4786d02af57f13c0195b40e1edb1db61d"},
    {file = "psutil-5.9.0-cp310-cp310-win_amd64.whl", hash = "sha256:9b51917c1af3fa35a3f2dabd7ba96a2a4f19df3dec911da73875e1edaf22a40b"},
    {file = "psutil-5.9.0-cp36-cp36m-macosx_10_9_x86_64.whl", hash = "sha256:e9805fed4f2a81de98ae5fe38b75a74c6e6ad2df8a5c479594c7629a1fe35f56"},
    {file = "psutil-5.9.0-cp36-cp36m-manylinux_2_12_i686.manylinux2010_i686.manylinux_2_17_i686.manylinux2014_i686.whl", hash = "sha256:c51f1af02334e4b516ec221ee26b8fdf105032418ca5a5ab9737e8c87dafe203"},
    {file = "psutil-5.9.0-cp36-cp36m-manylinux_2_12_x86_64.manylinux2010_x86_64.manylinux_2_17_x86_64.manylinux2014_x86_64.whl", hash = "sha256:32acf55cb9a8cbfb29167cd005951df81b567099295291bcfd1027365b36591d"},
    {file = "psutil-5.9.0-cp36-cp36m-win32.whl", hash = "sha256:e5c783d0b1ad6ca8a5d3e7b680468c9c926b804be83a3a8e95141b05c39c9f64"},
    {file = "psutil-5.9.0-cp36-cp36m-win_amd64.whl", hash = "sha256:d62a2796e08dd024b8179bd441cb714e0f81226c352c802fca0fd3f89eeacd94"},
    {file = "psutil-5.9.0-cp37-cp37m-macosx_10_9_x86_64.whl", hash = "sha256:3d00a664e31921009a84367266b35ba0aac04a2a6cad09c550a89041034d19a0"},
    {file = "psutil-5.9.0-cp37-cp37m-manylinux_2_12_i686.manylinux2010_i686.manylinux_2_17_i686.manylinux2014_i686.whl", hash = "sha256:7779be4025c540d1d65a2de3f30caeacc49ae7a2152108adeaf42c7534a115ce"},
    {file = "psutil-5.9.0-cp37-cp37m-manylinux_2_12_x86_64.manylinux2010_x86_64.manylinux_2_17_x86_64.manylinux2014_x86_64.whl", hash = "sha256:072664401ae6e7c1bfb878c65d7282d4b4391f1bc9a56d5e03b5a490403271b5"},
    {file = "psutil-5.9.0-cp37-cp37m-win32.whl", hash = "sha256:df2c8bd48fb83a8408c8390b143c6a6fa10cb1a674ca664954de193fdcab36a9"},
    {file = "psutil-5.9.0-cp37-cp37m-win_amd64.whl", hash = "sha256:1d7b433519b9a38192dfda962dd8f44446668c009833e1429a52424624f408b4"},
    {file = "psutil-5.9.0-cp38-cp38-macosx_10_9_x86_64.whl", hash = "sha256:c3400cae15bdb449d518545cbd5b649117de54e3596ded84aacabfbb3297ead2"},
    {file = "psutil-5.9.0-cp38-cp38-manylinux_2_12_i686.manylinux2010_i686.manylinux_2_17_i686.manylinux2014_i686.whl", hash = "sha256:b2237f35c4bbae932ee98902a08050a27821f8f6dfa880a47195e5993af4702d"},
    {file = "psutil-5.9.0-cp38-cp38-manylinux_2_12_x86_64.manylinux2010_x86_64.manylinux_2_17_x86_64.manylinux2014_x86_64.whl", hash = "sha256:1070a9b287846a21a5d572d6dddd369517510b68710fca56b0e9e02fd24bed9a"},
    {file = "psutil-5.9.0-cp38-cp38-win32.whl", hash = "sha256:76cebf84aac1d6da5b63df11fe0d377b46b7b500d892284068bacccf12f20666"},
    {file = "psutil-5.9.0-cp38-cp38-win_amd64.whl", hash = "sha256:3151a58f0fbd8942ba94f7c31c7e6b310d2989f4da74fcbf28b934374e9bf841"},
    {file = "psutil-5.9.0-cp39-cp39-macosx_10_9_x86_64.whl", hash = "sha256:539e429da49c5d27d5a58e3563886057f8fc3868a5547b4f1876d9c0f007bccf"},
    {file = "psutil-5.9.0-cp39-cp39-manylinux_2_12_i686.manylinux2010_i686.manylinux_2_17_i686.manylinux2014_i686.whl", hash = "sha256:58c7d923dc209225600aec73aa2c4ae8ea33b1ab31bc11ef8a5933b027476f07"},
    {file = "psutil-5.9.0-cp39-cp39-manylinux_2_12_x86_64.manylinux2010_x86_64.manylinux_2_17_x86_64.manylinux2014_x86_64.whl", hash = "sha256:3611e87eea393f779a35b192b46a164b1d01167c9d323dda9b1e527ea69d697d"},
    {file = "psutil-5.9.0-cp39-cp39-win32.whl", hash = "sha256:4e2fb92e3aeae3ec3b7b66c528981fd327fb93fd906a77215200404444ec1845"},
    {file = "psutil-5.9.0-cp39-cp39-win_amd64.whl", hash = "sha256:7d190ee2eaef7831163f254dc58f6d2e2a22e27382b936aab51c835fc080c3d3"},
    {file = "psutil-5.9.0.tar.gz", hash = "sha256:869842dbd66bb80c3217158e629d6fceaecc3a3166d3d1faee515b05dd26ca25"},
]
pybind11 = [
    {file = "pybind11-2.9.0-py2.py3-none-any.whl", hash = "sha256:0c178c6e5806e8e58a7eec5a363d052bb9dac860a3ff64fbddb7226110644977"},
    {file = "pybind11-2.9.0.tar.gz", hash = "sha256:46d315a669a59b660def6c5ca4e128f6fa975ec4abce6019a43d92084ad1bf89"},
]
requests = [
    {file = "requests-2.27.1-py2.py3-none-any.whl", hash = "sha256:f22fa1e554c9ddfd16e6e41ac79759e17be9e492b3587efa038054674760e72d"},
    {file = "requests-2.27.1.tar.gz", hash = "sha256:68d7c56fd5a8999887728ef304a6d12edc7be74f1cfa47714fc8b414525c9a61"},
]
scipy = [
    {file = "scipy-1.7.3-1-cp310-cp310-macosx_12_0_arm64.whl", hash = "sha256:c9e04d7e9b03a8a6ac2045f7c5ef741be86727d8f49c45db45f244bdd2bcff17"},
    {file = "scipy-1.7.3-1-cp38-cp38-macosx_12_0_arm64.whl", hash = "sha256:b0e0aeb061a1d7dcd2ed59ea57ee56c9b23dd60100825f98238c06ee5cc4467e"},
    {file = "scipy-1.7.3-1-cp39-cp39-macosx_12_0_arm64.whl", hash = "sha256:b78a35c5c74d336f42f44106174b9851c783184a85a3fe3e68857259b37b9ffb"},
    {file = "scipy-1.7.3-cp310-cp310-macosx_10_9_x86_64.whl", hash = "sha256:173308efba2270dcd61cd45a30dfded6ec0085b4b6eb33b5eb11ab443005e088"},
    {file = "scipy-1.7.3-cp310-cp310-macosx_12_0_arm64.whl", hash = "sha256:21b66200cf44b1c3e86495e3a436fc7a26608f92b8d43d344457c54f1c024cbc"},
    {file = "scipy-1.7.3-cp310-cp310-manylinux_2_17_aarch64.manylinux2014_aarch64.whl", hash = "sha256:ceebc3c4f6a109777c0053dfa0282fddb8893eddfb0d598574acfb734a926168"},
    {file = "scipy-1.7.3-cp310-cp310-manylinux_2_17_x86_64.manylinux2014_x86_64.whl", hash = "sha256:f7eaea089345a35130bc9a39b89ec1ff69c208efa97b3f8b25ea5d4c41d88094"},
    {file = "scipy-1.7.3-cp310-cp310-win_amd64.whl", hash = "sha256:304dfaa7146cffdb75fbf6bb7c190fd7688795389ad060b970269c8576d038e9"},
    {file = "scipy-1.7.3-cp37-cp37m-macosx_10_9_x86_64.whl", hash = "sha256:033ce76ed4e9f62923e1f8124f7e2b0800db533828c853b402c7eec6e9465d80"},
    {file = "scipy-1.7.3-cp37-cp37m-manylinux_2_12_i686.manylinux2010_i686.whl", hash = "sha256:4d242d13206ca4302d83d8a6388c9dfce49fc48fdd3c20efad89ba12f785bf9e"},
    {file = "scipy-1.7.3-cp37-cp37m-manylinux_2_12_x86_64.manylinux2010_x86_64.whl", hash = "sha256:8499d9dd1459dc0d0fe68db0832c3d5fc1361ae8e13d05e6849b358dc3f2c279"},
    {file = "scipy-1.7.3-cp37-cp37m-manylinux_2_17_aarch64.manylinux2014_aarch64.whl", hash = "sha256:ca36e7d9430f7481fc7d11e015ae16fbd5575615a8e9060538104778be84addf"},
    {file = "scipy-1.7.3-cp37-cp37m-win32.whl", hash = "sha256:e2c036492e673aad1b7b0d0ccdc0cb30a968353d2c4bf92ac8e73509e1bf212c"},
    {file = "scipy-1.7.3-cp37-cp37m-win_amd64.whl", hash = "sha256:866ada14a95b083dd727a845a764cf95dd13ba3dc69a16b99038001b05439709"},
    {file = "scipy-1.7.3-cp38-cp38-macosx_10_9_x86_64.whl", hash = "sha256:65bd52bf55f9a1071398557394203d881384d27b9c2cad7df9a027170aeaef93"},
    {file = "scipy-1.7.3-cp38-cp38-macosx_12_0_arm64.whl", hash = "sha256:f99d206db1f1ae735a8192ab93bd6028f3a42f6fa08467d37a14eb96c9dd34a3"},
    {file = "scipy-1.7.3-cp38-cp38-manylinux_2_12_i686.manylinux2010_i686.whl", hash = "sha256:5f2cfc359379c56b3a41b17ebd024109b2049f878badc1e454f31418c3a18436"},
    {file = "scipy-1.7.3-cp38-cp38-manylinux_2_17_aarch64.manylinux2014_aarch64.whl", hash = "sha256:eb7ae2c4dbdb3c9247e07acc532f91077ae6dbc40ad5bd5dca0bb5a176ee9bda"},
    {file = "scipy-1.7.3-cp38-cp38-manylinux_2_17_x86_64.manylinux2014_x86_64.whl", hash = "sha256:95c2d250074cfa76715d58830579c64dff7354484b284c2b8b87e5a38321672c"},
    {file = "scipy-1.7.3-cp38-cp38-win32.whl", hash = "sha256:87069cf875f0262a6e3187ab0f419f5b4280d3dcf4811ef9613c605f6e4dca95"},
    {file = "scipy-1.7.3-cp38-cp38-win_amd64.whl", hash = "sha256:7edd9a311299a61e9919ea4192dd477395b50c014cdc1a1ac572d7c27e2207fa"},
    {file = "scipy-1.7.3-cp39-cp39-macosx_10_9_x86_64.whl", hash = "sha256:eef93a446114ac0193a7b714ce67659db80caf940f3232bad63f4c7a81bc18df"},
    {file = "scipy-1.7.3-cp39-cp39-macosx_12_0_arm64.whl", hash = "sha256:eb326658f9b73c07081300daba90a8746543b5ea177184daed26528273157294"},
    {file = "scipy-1.7.3-cp39-cp39-manylinux_2_12_i686.manylinux2010_i686.whl", hash = "sha256:93378f3d14fff07572392ce6a6a2ceb3a1f237733bd6dcb9eb6a2b29b0d19085"},
    {file = "scipy-1.7.3-cp39-cp39-manylinux_2_17_aarch64.manylinux2014_aarch64.whl", hash = "sha256:edad1cf5b2ce1912c4d8ddad20e11d333165552aba262c882e28c78bbc09dbf6"},
    {file = "scipy-1.7.3-cp39-cp39-manylinux_2_17_x86_64.manylinux2014_x86_64.whl", hash = "sha256:5d1cc2c19afe3b5a546ede7e6a44ce1ff52e443d12b231823268019f608b9b12"},
    {file = "scipy-1.7.3-cp39-cp39-win32.whl", hash = "sha256:2c56b820d304dffcadbbb6cbfbc2e2c79ee46ea291db17e288e73cd3c64fefa9"},
    {file = "scipy-1.7.3-cp39-cp39-win_amd64.whl", hash = "sha256:3f78181a153fa21c018d346f595edd648344751d7f03ab94b398be2ad083ed3e"},
    {file = "scipy-1.7.3.tar.gz", hash = "sha256:ab5875facfdef77e0a47d5fd39ea178b58e60e454a4c85aa1e52fcb80db7babf"},
]
urllib3 = [
    {file = "urllib3-1.26.8-py2.py3-none-any.whl", hash = "sha256:000ca7f471a233c2251c6c7023ee85305721bfdf18621ebff4fd17a8653427ed"},
    {file = "urllib3-1.26.8.tar.gz", hash = "sha256:0e7c33d9a63e7ddfcb86780aac87befc2fbddf46c58dbb487e0855f7ceec283c"},
]
