# This file is automatically @generated by Poetry 1.5.1 and should not be changed by hand.

[[package]]
name = "certifi"
version = "2023.7.22"
description = "Python package for providing Mozilla's CA Bundle."
optional = false
python-versions = ">=3.6"
files = [
    {file = "certifi-2023.7.22-py3-none-any.whl", hash = "sha256:92d6037539857d8206b8f6ae472e8b77db8058fec5937a1ef3f54304089edbb9"},
    {file = "certifi-2023.7.22.tar.gz", hash = "sha256:539cc1d13202e33ca466e88b2807e29f4c13049d6d87031a3c110744495cb082"},
]

[[package]]
name = "cftime"
version = "1.6.2"
description = "Time-handling functionality from netcdf4-python"
optional = false
python-versions = ">=3.7"
files = [
    {file = "cftime-1.6.2-cp310-cp310-macosx_10_9_x86_64.whl", hash = "sha256:b4d2a1920f0aad663f25700b30621ff64af373499e52b544da1148dd8c09409a"},
    {file = "cftime-1.6.2-cp310-cp310-macosx_11_0_arm64.whl", hash = "sha256:2ba7909a0cd4adcb16797d8d6ab2767e7ddb980b2bf9dbabfc71b3bdd94f072b"},
    {file = "cftime-1.6.2-cp310-cp310-manylinux_2_17_x86_64.manylinux2014_x86_64.whl", hash = "sha256:acb294fdb80e33545ae54b4421df35c4e578708a5ffce1c00408b2294e70ecef"},
    {file = "cftime-1.6.2-cp310-cp310-win_amd64.whl", hash = "sha256:2abdac6ca5b8b6102f319122546739dfc42406b816c16f2a98a8f0cd406d3bf0"},
    {file = "cftime-1.6.2-cp311-cp311-macosx_10_9_x86_64.whl", hash = "sha256:eb7f8cd0996640b83020133b5ef6b97fc9216c3129eaeeaca361abdff5d82166"},
    {file = "cftime-1.6.2-cp311-cp311-macosx_11_0_arm64.whl", hash = "sha256:8d49d69c64cee2c175478eed84c3a57fce083da4ceebce16440f72be561a8489"},
    {file = "cftime-1.6.2-cp311-cp311-manylinux_2_17_x86_64.manylinux2014_x86_64.whl", hash = "sha256:455cec3627e6ca8694b0d9201da6581eb4381b58389f1fbcb51a14fa0e2b3d94"},
    {file = "cftime-1.6.2-cp311-cp311-win_amd64.whl", hash = "sha256:29c18601abea0fd160fbe423e05c7a56fe1d38dd250a6b010de499a132d3fe18"},
    {file = "cftime-1.6.2-cp37-cp37m-macosx_10_9_x86_64.whl", hash = "sha256:afb5b38b51b8bc02f1656a9f15c52b0b20a3999adbe1ab9ac57f926e0065b48a"},
    {file = "cftime-1.6.2-cp37-cp37m-manylinux_2_17_x86_64.manylinux2014_x86_64.whl", hash = "sha256:aedfb7a783d19d7a30cb41951310f3bfe98f9f21fffc723c8af08a11962b0b17"},
    {file = "cftime-1.6.2-cp37-cp37m-manylinux_2_5_i686.manylinux1_i686.manylinux_2_17_i686.manylinux2014_i686.whl", hash = "sha256:3042048324b4d6a1066c978ec78101effdd84320e8862bfdbf8122d7ad7588ec"},
    {file = "cftime-1.6.2-cp37-none-win_amd64.whl", hash = "sha256:ee70fa069802652cf534de1dd3fc590b7d22d4127447bf96ac9849abcdadadf1"},
    {file = "cftime-1.6.2-cp38-cp38-macosx_10_9_x86_64.whl", hash = "sha256:93f00f454329c1f2588ebca2650e8edf7607d6189dbdcc81b5f3be2080155cc4"},
    {file = "cftime-1.6.2-cp38-cp38-macosx_11_0_arm64.whl", hash = "sha256:e83db2fdda900eb154a9f79dfb665ac6190781c61d2e18151996de5ee7ffd8a2"},
    {file = "cftime-1.6.2-cp38-cp38-manylinux_2_17_x86_64.manylinux2014_x86_64.whl", hash = "sha256:56d0242fc4990584b265622622b25bb262a178097711d2d95e53ef52a9d23e7e"},
    {file = "cftime-1.6.2-cp38-cp38-win_amd64.whl", hash = "sha256:055d5d60a756c6c1857cf84d77655bb707057bb6c4a4fbb104a550e76c40aad9"},
    {file = "cftime-1.6.2-cp39-cp39-macosx_10_9_x86_64.whl", hash = "sha256:0955e1f3e1c09a9e0296b50f135ff9719cb2466f81c8ad4a10ef06fa394de984"},
    {file = "cftime-1.6.2-cp39-cp39-macosx_11_0_arm64.whl", hash = "sha256:07fdef2f75a0f0952b0376fa4cd08ef8a1dad3b963976ac07517811d434936b7"},
    {file = "cftime-1.6.2-cp39-cp39-manylinux_2_17_x86_64.manylinux2014_x86_64.whl", hash = "sha256:892d5dc38f8b998c83a2a01f131e63896d020586de473e1878f9e85acc70ad44"},
    {file = "cftime-1.6.2-cp39-cp39-win_amd64.whl", hash = "sha256:86fe550b94525c327578a90b2e13418ca5ba6c636d5efe3edec310e631757eea"},
    {file = "cftime-1.6.2.tar.gz", hash = "sha256:8614c00fb8a5046de304fdd86dbd224f99408185d7b245ac6628d0276596e6d2"},
]

[package.dependencies]
numpy = ">1.13.3"

[[package]]
name = "charset-normalizer"
version = "3.2.0"
description = "The Real First Universal Charset Detector. Open, modern and actively maintained alternative to Chardet."
optional = false
python-versions = ">=3.7.0"
files = [
    {file = "charset-normalizer-3.2.0.tar.gz", hash = "sha256:3bb3d25a8e6c0aedd251753a79ae98a093c7e7b471faa3aa9a93a81431987ace"},
    {file = "charset_normalizer-3.2.0-cp310-cp310-macosx_10_9_universal2.whl", hash = "sha256:0b87549028f680ca955556e3bd57013ab47474c3124dc069faa0b6545b6c9710"},
    {file = "charset_normalizer-3.2.0-cp310-cp310-macosx_10_9_x86_64.whl", hash = "sha256:7c70087bfee18a42b4040bb9ec1ca15a08242cf5867c58726530bdf3945672ed"},
    {file = "charset_normalizer-3.2.0-cp310-cp310-macosx_11_0_arm64.whl", hash = "sha256:a103b3a7069b62f5d4890ae1b8f0597618f628b286b03d4bc9195230b154bfa9"},
    {file = "charset_normalizer-3.2.0-cp310-cp310-manylinux_2_17_aarch64.manylinux2014_aarch64.whl", hash = "sha256:94aea8eff76ee6d1cdacb07dd2123a68283cb5569e0250feab1240058f53b623"},
    {file = "charset_normalizer-3.2.0-cp310-cp310-manylinux_2_17_ppc64le.manylinux2014_ppc64le.whl", hash = "sha256:db901e2ac34c931d73054d9797383d0f8009991e723dab15109740a63e7f902a"},
    {file = "charset_normalizer-3.2.0-cp310-cp310-manylinux_2_17_s390x.manylinux2014_s390x.whl", hash = "sha256:b0dac0ff919ba34d4df1b6131f59ce95b08b9065233446be7e459f95554c0dc8"},
    {file = "charset_normalizer-3.2.0-cp310-cp310-manylinux_2_17_x86_64.manylinux2014_x86_64.whl", hash = "sha256:193cbc708ea3aca45e7221ae58f0fd63f933753a9bfb498a3b474878f12caaad"},
    {file = "charset_normalizer-3.2.0-cp310-cp310-manylinux_2_5_i686.manylinux1_i686.manylinux_2_17_i686.manylinux2014_i686.whl", hash = "sha256:09393e1b2a9461950b1c9a45d5fd251dc7c6f228acab64da1c9c0165d9c7765c"},
    {file = "charset_normalizer-3.2.0-cp310-cp310-musllinux_1_1_aarch64.whl", hash = "sha256:baacc6aee0b2ef6f3d308e197b5d7a81c0e70b06beae1f1fcacffdbd124fe0e3"},
    {file = "charset_normalizer-3.2.0-cp310-cp310-musllinux_1_1_i686.whl", hash = "sha256:bf420121d4c8dce6b889f0e8e4ec0ca34b7f40186203f06a946fa0276ba54029"},
    {file = "charset_normalizer-3.2.0-cp310-cp310-musllinux_1_1_ppc64le.whl", hash = "sha256:c04a46716adde8d927adb9457bbe39cf473e1e2c2f5d0a16ceb837e5d841ad4f"},
    {file = "charset_normalizer-3.2.0-cp310-cp310-musllinux_1_1_s390x.whl", hash = "sha256:aaf63899c94de41fe3cf934601b0f7ccb6b428c6e4eeb80da72c58eab077b19a"},
    {file = "charset_normalizer-3.2.0-cp310-cp310-musllinux_1_1_x86_64.whl", hash = "sha256:d62e51710986674142526ab9f78663ca2b0726066ae26b78b22e0f5e571238dd"},
    {file = "charset_normalizer-3.2.0-cp310-cp310-win32.whl", hash = "sha256:04e57ab9fbf9607b77f7d057974694b4f6b142da9ed4a199859d9d4d5c63fe96"},
    {file = "charset_normalizer-3.2.0-cp310-cp310-win_amd64.whl", hash = "sha256:48021783bdf96e3d6de03a6e39a1171ed5bd7e8bb93fc84cc649d11490f87cea"},
    {file = "charset_normalizer-3.2.0-cp311-cp311-macosx_10_9_universal2.whl", hash = "sha256:4957669ef390f0e6719db3613ab3a7631e68424604a7b448f079bee145da6e09"},
    {file = "charset_normalizer-3.2.0-cp311-cp311-macosx_10_9_x86_64.whl", hash = "sha256:46fb8c61d794b78ec7134a715a3e564aafc8f6b5e338417cb19fe9f57a5a9bf2"},
    {file = "charset_normalizer-3.2.0-cp311-cp311-macosx_11_0_arm64.whl", hash = "sha256:f779d3ad205f108d14e99bb3859aa7dd8e9c68874617c72354d7ecaec2a054ac"},
    {file = "charset_normalizer-3.2.0-cp311-cp311-manylinux_2_17_aarch64.manylinux2014_aarch64.whl", hash = "sha256:f25c229a6ba38a35ae6e25ca1264621cc25d4d38dca2942a7fce0b67a4efe918"},
    {file = "charset_normalizer-3.2.0-cp311-cp311-manylinux_2_17_ppc64le.manylinux2014_ppc64le.whl", hash = "sha256:2efb1bd13885392adfda4614c33d3b68dee4921fd0ac1d3988f8cbb7d589e72a"},
    {file = "charset_normalizer-3.2.0-cp311-cp311-manylinux_2_17_s390x.manylinux2014_s390x.whl", hash = "sha256:1f30b48dd7fa1474554b0b0f3fdfdd4c13b5c737a3c6284d3cdc424ec0ffff3a"},
    {file = "charset_normalizer-3.2.0-cp311-cp311-manylinux_2_17_x86_64.manylinux2014_x86_64.whl", hash = "sha256:246de67b99b6851627d945db38147d1b209a899311b1305dd84916f2b88526c6"},
    {file = "charset_normalizer-3.2.0-cp311-cp311-manylinux_2_5_i686.manylinux1_i686.manylinux_2_17_i686.manylinux2014_i686.whl", hash = "sha256:9bd9b3b31adcb054116447ea22caa61a285d92e94d710aa5ec97992ff5eb7cf3"},
    {file = "charset_normalizer-3.2.0-cp311-cp311-musllinux_1_1_aarch64.whl", hash = "sha256:8c2f5e83493748286002f9369f3e6607c565a6a90425a3a1fef5ae32a36d749d"},
    {file = "charset_normalizer-3.2.0-cp311-cp311-musllinux_1_1_i686.whl", hash = "sha256:3170c9399da12c9dc66366e9d14da8bf7147e1e9d9ea566067bbce7bb74bd9c2"},
    {file = "charset_normalizer-3.2.0-cp311-cp311-musllinux_1_1_ppc64le.whl", hash = "sha256:7a4826ad2bd6b07ca615c74ab91f32f6c96d08f6fcc3902ceeedaec8cdc3bcd6"},
    {file = "charset_normalizer-3.2.0-cp311-cp311-musllinux_1_1_s390x.whl", hash = "sha256:3b1613dd5aee995ec6d4c69f00378bbd07614702a315a2cf6c1d21461fe17c23"},
    {file = "charset_normalizer-3.2.0-cp311-cp311-musllinux_1_1_x86_64.whl", hash = "sha256:9e608aafdb55eb9f255034709e20d5a83b6d60c054df0802fa9c9883d0a937aa"},
    {file = "charset_normalizer-3.2.0-cp311-cp311-win32.whl", hash = "sha256:f2a1d0fd4242bd8643ce6f98927cf9c04540af6efa92323e9d3124f57727bfc1"},
    {file = "charset_normalizer-3.2.0-cp311-cp311-win_amd64.whl", hash = "sha256:681eb3d7e02e3c3655d1b16059fbfb605ac464c834a0c629048a30fad2b27489"},
    {file = "charset_normalizer-3.2.0-cp37-cp37m-macosx_10_9_x86_64.whl", hash = "sha256:c57921cda3a80d0f2b8aec7e25c8aa14479ea92b5b51b6876d975d925a2ea346"},
    {file = "charset_normalizer-3.2.0-cp37-cp37m-manylinux_2_17_aarch64.manylinux2014_aarch64.whl", hash = "sha256:41b25eaa7d15909cf3ac4c96088c1f266a9a93ec44f87f1d13d4a0e86c81b982"},
    {file = "charset_normalizer-3.2.0-cp37-cp37m-manylinux_2_17_ppc64le.manylinux2014_ppc64le.whl", hash = "sha256:f058f6963fd82eb143c692cecdc89e075fa0828db2e5b291070485390b2f1c9c"},
    {file = "charset_normalizer-3.2.0-cp37-cp37m-manylinux_2_17_s390x.manylinux2014_s390x.whl", hash = "sha256:a7647ebdfb9682b7bb97e2a5e7cb6ae735b1c25008a70b906aecca294ee96cf4"},
    {file = "charset_normalizer-3.2.0-cp37-cp37m-manylinux_2_17_x86_64.manylinux2014_x86_64.whl", hash = "sha256:eef9df1eefada2c09a5e7a40991b9fc6ac6ef20b1372abd48d2794a316dc0449"},
    {file = "charset_normalizer-3.2.0-cp37-cp37m-manylinux_2_5_i686.manylinux1_i686.manylinux_2_17_i686.manylinux2014_i686.whl", hash = "sha256:e03b8895a6990c9ab2cdcd0f2fe44088ca1c65ae592b8f795c3294af00a461c3"},
    {file = "charset_normalizer-3.2.0-cp37-cp37m-musllinux_1_1_aarch64.whl", hash = "sha256:ee4006268ed33370957f55bf2e6f4d263eaf4dc3cfc473d1d90baff6ed36ce4a"},
    {file = "charset_normalizer-3.2.0-cp37-cp37m-musllinux_1_1_i686.whl", hash = "sha256:c4983bf937209c57240cff65906b18bb35e64ae872da6a0db937d7b4af845dd7"},
    {file = "charset_normalizer-3.2.0-cp37-cp37m-musllinux_1_1_ppc64le.whl", hash = "sha256:3bb7fda7260735efe66d5107fb7e6af6a7c04c7fce9b2514e04b7a74b06bf5dd"},
    {file = "charset_normalizer-3.2.0-cp37-cp37m-musllinux_1_1_s390x.whl", hash = "sha256:72814c01533f51d68702802d74f77ea026b5ec52793c791e2da806a3844a46c3"},
    {file = "charset_normalizer-3.2.0-cp37-cp37m-musllinux_1_1_x86_64.whl", hash = "sha256:70c610f6cbe4b9fce272c407dd9d07e33e6bf7b4aa1b7ffb6f6ded8e634e3592"},
    {file = "charset_normalizer-3.2.0-cp37-cp37m-win32.whl", hash = "sha256:a401b4598e5d3f4a9a811f3daf42ee2291790c7f9d74b18d75d6e21dda98a1a1"},
    {file = "charset_normalizer-3.2.0-cp37-cp37m-win_amd64.whl", hash = "sha256:c0b21078a4b56965e2b12f247467b234734491897e99c1d51cee628da9786959"},
    {file = "charset_normalizer-3.2.0-cp38-cp38-macosx_10_9_universal2.whl", hash = "sha256:95eb302ff792e12aba9a8b8f8474ab229a83c103d74a750ec0bd1c1eea32e669"},
    {file = "charset_normalizer-3.2.0-cp38-cp38-macosx_10_9_x86_64.whl", hash = "sha256:1a100c6d595a7f316f1b6f01d20815d916e75ff98c27a01ae817439ea7726329"},
    {file = "charset_normalizer-3.2.0-cp38-cp38-macosx_11_0_arm64.whl", hash = "sha256:6339d047dab2780cc6220f46306628e04d9750f02f983ddb37439ca47ced7149"},
    {file = "charset_normalizer-3.2.0-cp38-cp38-manylinux_2_17_aarch64.manylinux2014_aarch64.whl", hash = "sha256:e4b749b9cc6ee664a3300bb3a273c1ca8068c46be705b6c31cf5d276f8628a94"},
    {file = "charset_normalizer-3.2.0-cp38-cp38-manylinux_2_17_ppc64le.manylinux2014_ppc64le.whl", hash = "sha256:a38856a971c602f98472050165cea2cdc97709240373041b69030be15047691f"},
    {file = "charset_normalizer-3.2.0-cp38-cp38-manylinux_2_17_s390x.manylinux2014_s390x.whl", hash = "sha256:f87f746ee241d30d6ed93969de31e5ffd09a2961a051e60ae6bddde9ec3583aa"},
    {file = "charset_normalizer-3.2.0-cp38-cp38-manylinux_2_17_x86_64.manylinux2014_x86_64.whl", hash = "sha256:89f1b185a01fe560bc8ae5f619e924407efca2191b56ce749ec84982fc59a32a"},
    {file = "charset_normalizer-3.2.0-cp38-cp38-manylinux_2_5_i686.manylinux1_i686.manylinux_2_17_i686.manylinux2014_i686.whl", hash = "sha256:e1c8a2f4c69e08e89632defbfabec2feb8a8d99edc9f89ce33c4b9e36ab63037"},
    {file = "charset_normalizer-3.2.0-cp38-cp38-musllinux_1_1_aarch64.whl", hash = "sha256:2f4ac36d8e2b4cc1aa71df3dd84ff8efbe3bfb97ac41242fbcfc053c67434f46"},
    {file = "charset_normalizer-3.2.0-cp38-cp38-musllinux_1_1_i686.whl", hash = "sha256:a386ebe437176aab38c041de1260cd3ea459c6ce5263594399880bbc398225b2"},
    {file = "charset_normalizer-3.2.0-cp38-cp38-musllinux_1_1_ppc64le.whl", hash = "sha256:ccd16eb18a849fd8dcb23e23380e2f0a354e8daa0c984b8a732d9cfaba3a776d"},
    {file = "charset_normalizer-3.2.0-cp38-cp38-musllinux_1_1_s390x.whl", hash = "sha256:e6a5bf2cba5ae1bb80b154ed68a3cfa2fa00fde979a7f50d6598d3e17d9ac20c"},
    {file = "charset_normalizer-3.2.0-cp38-cp38-musllinux_1_1_x86_64.whl", hash = "sha256:45de3f87179c1823e6d9e32156fb14c1927fcc9aba21433f088fdfb555b77c10"},
    {file = "charset_normalizer-3.2.0-cp38-cp38-win32.whl", hash = "sha256:1000fba1057b92a65daec275aec30586c3de2401ccdcd41f8a5c1e2c87078706"},
    {file = "charset_normalizer-3.2.0-cp38-cp38-win_amd64.whl", hash = "sha256:8b2c760cfc7042b27ebdb4a43a4453bd829a5742503599144d54a032c5dc7e9e"},
    {file = "charset_normalizer-3.2.0-cp39-cp39-macosx_10_9_universal2.whl", hash = "sha256:855eafa5d5a2034b4621c74925d89c5efef61418570e5ef9b37717d9c796419c"},
    {file = "charset_normalizer-3.2.0-cp39-cp39-macosx_10_9_x86_64.whl", hash = "sha256:203f0c8871d5a7987be20c72442488a0b8cfd0f43b7973771640fc593f56321f"},
    {file = "charset_normalizer-3.2.0-cp39-cp39-macosx_11_0_arm64.whl", hash = "sha256:e857a2232ba53ae940d3456f7533ce6ca98b81917d47adc3c7fd55dad8fab858"},
    {file = "charset_normalizer-3.2.0-cp39-cp39-manylinux_2_17_aarch64.manylinux2014_aarch64.whl", hash = "sha256:5e86d77b090dbddbe78867a0275cb4df08ea195e660f1f7f13435a4649e954e5"},
    {file = "charset_normalizer-3.2.0-cp39-cp39-manylinux_2_17_ppc64le.manylinux2014_ppc64le.whl", hash = "sha256:c4fb39a81950ec280984b3a44f5bd12819953dc5fa3a7e6fa7a80db5ee853952"},
    {file = "charset_normalizer-3.2.0-cp39-cp39-manylinux_2_17_s390x.manylinux2014_s390x.whl", hash = "sha256:2dee8e57f052ef5353cf608e0b4c871aee320dd1b87d351c28764fc0ca55f9f4"},
    {file = "charset_normalizer-3.2.0-cp39-cp39-manylinux_2_17_x86_64.manylinux2014_x86_64.whl", hash = "sha256:8700f06d0ce6f128de3ccdbc1acaea1ee264d2caa9ca05daaf492fde7c2a7200"},
    {file = "charset_normalizer-3.2.0-cp39-cp39-manylinux_2_5_i686.manylinux1_i686.manylinux_2_17_i686.manylinux2014_i686.whl", hash = "sha256:1920d4ff15ce893210c1f0c0e9d19bfbecb7983c76b33f046c13a8ffbd570252"},
    {file = "charset_normalizer-3.2.0-cp39-cp39-musllinux_1_1_aarch64.whl", hash = "sha256:c1c76a1743432b4b60ab3358c937a3fe1341c828ae6194108a94c69028247f22"},
    {file = "charset_normalizer-3.2.0-cp39-cp39-musllinux_1_1_i686.whl", hash = "sha256:f7560358a6811e52e9c4d142d497f1a6e10103d3a6881f18d04dbce3729c0e2c"},
    {file = "charset_normalizer-3.2.0-cp39-cp39-musllinux_1_1_ppc64le.whl", hash = "sha256:c8063cf17b19661471ecbdb3df1c84f24ad2e389e326ccaf89e3fb2484d8dd7e"},
    {file = "charset_normalizer-3.2.0-cp39-cp39-musllinux_1_1_s390x.whl", hash = "sha256:cd6dbe0238f7743d0efe563ab46294f54f9bc8f4b9bcf57c3c666cc5bc9d1299"},
    {file = "charset_normalizer-3.2.0-cp39-cp39-musllinux_1_1_x86_64.whl", hash = "sha256:1249cbbf3d3b04902ff081ffbb33ce3377fa6e4c7356f759f3cd076cc138d020"},
    {file = "charset_normalizer-3.2.0-cp39-cp39-win32.whl", hash = "sha256:6c409c0deba34f147f77efaa67b8e4bb83d2f11c8806405f76397ae5b8c0d1c9"},
    {file = "charset_normalizer-3.2.0-cp39-cp39-win_amd64.whl", hash = "sha256:7095f6fbfaa55defb6b733cfeb14efaae7a29f0b59d8cf213be4e7ca0b857b80"},
    {file = "charset_normalizer-3.2.0-py3-none-any.whl", hash = "sha256:8e098148dd37b4ce3baca71fb394c81dc5d9c7728c95df695d2dca218edf40e6"},
]

[[package]]
name = "cmake"
version = "3.27.2"
description = "CMake is an open-source, cross-platform family of tools designed to build, test and package software"
optional = false
python-versions = "*"
files = [
    {file = "cmake-3.27.2-py2.py3-none-macosx_10_10_universal2.macosx_10_10_x86_64.macosx_11_0_arm64.macosx_11_0_universal2.whl", hash = "sha256:96ac856c4d6b2104408848f0005a8ab2229d4135b171ea9a03e8c33039ede420"},
    {file = "cmake-3.27.2-py2.py3-none-manylinux2010_i686.manylinux_2_12_i686.whl", hash = "sha256:11fe6129d07982721c5965fd804a4056b8c6e9c4f482ac9e0fe41bb3abc1ab5f"},
    {file = "cmake-3.27.2-py2.py3-none-manylinux2010_x86_64.manylinux_2_12_x86_64.whl", hash = "sha256:f0c64e89e2ea59592980c4fe3821d712fee0e74cf87c2aaec5b3ab9aa809a57c"},
    {file = "cmake-3.27.2-py2.py3-none-manylinux2014_aarch64.manylinux_2_17_aarch64.whl", hash = "sha256:ca7650477dff2a1138776b28b79c0e99127be733d3978922e8f87b56a433eed6"},
    {file = "cmake-3.27.2-py2.py3-none-manylinux2014_i686.manylinux_2_17_i686.whl", hash = "sha256:ab2e40fe09e76a7ef67da2bbbf7a4cd1f52db4f1c7b6ccdda2539f918830343a"},
    {file = "cmake-3.27.2-py2.py3-none-manylinux2014_ppc64le.manylinux_2_17_ppc64le.whl", hash = "sha256:980ee19f12c808cb8ddb56fdcee832501a9f9631799d8b4fc625c0a0b5fb4c55"},
    {file = "cmake-3.27.2-py2.py3-none-manylinux2014_s390x.manylinux_2_17_s390x.whl", hash = "sha256:115d30ca0760e3861d9ad6b3288cd11ee72a785b81227da0c1765d3b84e2c009"},
    {file = "cmake-3.27.2-py2.py3-none-manylinux2014_x86_64.manylinux_2_17_x86_64.whl", hash = "sha256:efc338c939d6d435890a52458a260bf0942bd8392b648d7532a72c1ec0764e18"},
    {file = "cmake-3.27.2-py2.py3-none-musllinux_1_1_aarch64.whl", hash = "sha256:7f7438c60ccc01765b67abfb1797787c3b9459d500a804ed70a4cc181bc02204"},
    {file = "cmake-3.27.2-py2.py3-none-musllinux_1_1_i686.whl", hash = "sha256:294f008734267e0eee1574ad1b911bed137bc907ab19d60a618dab4615aa1fca"},
    {file = "cmake-3.27.2-py2.py3-none-musllinux_1_1_ppc64le.whl", hash = "sha256:197a34dc62ee149ced343545fac67e5a30b93fda65250b065726f86ce92bdada"},
    {file = "cmake-3.27.2-py2.py3-none-musllinux_1_1_s390x.whl", hash = "sha256:afb46ad883b174fb64347802ba5878423551dbd5847bb64669c39a5957c06eb7"},
    {file = "cmake-3.27.2-py2.py3-none-musllinux_1_1_x86_64.whl", hash = "sha256:83611ffd155e270a6b13bbf0cfd4e8688ebda634f448aa2e3734006c745bf33f"},
    {file = "cmake-3.27.2-py2.py3-none-win32.whl", hash = "sha256:53e12deb893da935e236f93accd47dbe2806620cd7654986234dc4487cc49652"},
    {file = "cmake-3.27.2-py2.py3-none-win_amd64.whl", hash = "sha256:611f9722c68c40352d38a6c01960ab038c3d0419e7aee3bf18f95b23031e0dfe"},
    {file = "cmake-3.27.2-py2.py3-none-win_arm64.whl", hash = "sha256:30620326b51ac2ce0d8f476747af6367a7ea21075c4d065fad9443904b07476a"},
    {file = "cmake-3.27.2.tar.gz", hash = "sha256:7cd6e2d7d5a1125f8c26c4f65214f8c942e3f276f98c16cb62ae382c35609f25"},
]

[package.extras]
test = ["coverage (>=4.2)", "flake8 (>=3.0.4)", "path.py (>=11.5.0)", "pytest (>=3.0.3)", "pytest-cov (>=2.4.0)", "pytest-runner (>=2.9)", "pytest-virtualenv (>=1.7.0)", "scikit-build (>=0.10.0)", "setuptools (>=28.0.0)", "virtualenv (>=15.0.3)", "wheel"]

[[package]]
name = "cython"
version = "0.29.36"
description = "The Cython compiler for writing C extensions for the Python language."
optional = false
python-versions = ">=2.6, !=3.0.*, !=3.1.*, !=3.2.*"
files = [
    {file = "Cython-0.29.36-cp27-cp27m-manylinux_2_5_i686.manylinux1_i686.whl", hash = "sha256:1ea33c1c57f331f5653baa1313e445fbe80d1da56dd9a42c8611037887897b9d"},
    {file = "Cython-0.29.36-cp27-cp27m-manylinux_2_5_x86_64.manylinux1_x86_64.whl", hash = "sha256:2fe34615c13ace29e77bf9d21c26188d23eff7ad8b3e248da70404e5f5436b95"},
    {file = "Cython-0.29.36-cp27-cp27mu-manylinux_2_5_i686.manylinux1_i686.whl", hash = "sha256:ae75eac4f13cbbcb50b2097470dcea570182446a3ebd0f7e95dd425c2017a2d7"},
    {file = "Cython-0.29.36-cp27-cp27mu-manylinux_2_5_x86_64.manylinux1_x86_64.whl", hash = "sha256:847d07fc02978c4433d01b4f5ee489b75fd42fd32ccf9cc4b5fd887e8cffe822"},
    {file = "Cython-0.29.36-cp310-cp310-manylinux_2_17_aarch64.manylinux2014_aarch64.manylinux_2_24_aarch64.whl", hash = "sha256:7cb44aeaf6c5c25bd6a7562ece4eadf50d606fc9b5f624fa95bd0281e8bf0a97"},
    {file = "Cython-0.29.36-cp310-cp310-manylinux_2_17_x86_64.manylinux2014_x86_64.manylinux_2_24_x86_64.whl", hash = "sha256:28fb10aabd56a2e4d399273b48e106abe5a0d271728fd5eed3d36e7171000045"},
    {file = "Cython-0.29.36-cp310-cp310-manylinux_2_5_i686.manylinux1_i686.manylinux_2_24_i686.whl", hash = "sha256:86b7a13c6b23ab6471d40a320f573fbc8a4e39833947eebed96661145dc34771"},
    {file = "Cython-0.29.36-cp310-cp310-musllinux_1_1_x86_64.whl", hash = "sha256:19ccf7fc527cf556e2e6a3dfeffcadfbcabd24a59a988289117795dfed8a25ad"},
    {file = "Cython-0.29.36-cp311-cp311-manylinux_2_17_aarch64.manylinux2014_aarch64.manylinux_2_24_aarch64.whl", hash = "sha256:74bddfc7dc8958526b2018d3adc1aa6dc9cf2a24095c972e5ad06758c360b261"},
    {file = "Cython-0.29.36-cp311-cp311-manylinux_2_17_x86_64.manylinux2014_x86_64.manylinux_2_24_x86_64.whl", hash = "sha256:6c4d7e36fe0211e394adffd296382b435ac22762d14f2fe45c506c230f91cf2d"},
    {file = "Cython-0.29.36-cp311-cp311-manylinux_2_5_i686.manylinux1_i686.manylinux_2_24_i686.whl", hash = "sha256:0bca6a7504e8cfc63a4d3c7c9b9a04e5d05501942a6c8cee177363b61a32c2d4"},
    {file = "Cython-0.29.36-cp311-cp311-musllinux_1_1_x86_64.whl", hash = "sha256:17c74f80b06e2fa8ffc8acd41925f4f9922da8a219cd25c6901beab2f7c56cc5"},
    {file = "Cython-0.29.36-cp312-cp312-musllinux_1_1_x86_64.whl", hash = "sha256:25ff471a459aad82146973b0b8c177175ab896051080713d3035ad4418739f66"},
    {file = "Cython-0.29.36-cp35-cp35m-manylinux_2_5_i686.manylinux1_i686.whl", hash = "sha256:a9738f23d00d99481797b155ad58f8fc1c72096926ea2554b8ccc46e1d356c27"},
    {file = "Cython-0.29.36-cp35-cp35m-manylinux_2_5_x86_64.manylinux1_x86_64.whl", hash = "sha256:af2f333f08c4c279f3480532341bf70ec8010bcbc7d8a6daa5ca0bf4513af295"},
    {file = "Cython-0.29.36-cp36-cp36m-manylinux_2_17_aarch64.manylinux2014_aarch64.manylinux_2_24_aarch64.whl", hash = "sha256:cd77cedbcc13cb67aef39b8615fd50a67fc42b0c6defea6fc0a21e19d3a062ec"},
    {file = "Cython-0.29.36-cp36-cp36m-manylinux_2_17_x86_64.manylinux2014_x86_64.manylinux_2_24_x86_64.whl", hash = "sha256:50d506d73a46c4a522ef9fdafcbf7a827ba13907b18ff58f61a8fa0887d0bd8d"},
    {file = "Cython-0.29.36-cp36-cp36m-manylinux_2_5_i686.manylinux1_i686.manylinux_2_24_i686.whl", hash = "sha256:6a571d7c7b52ee12d73bc65b4855779c069545da3bac26bec06a1389ad17ade5"},
    {file = "Cython-0.29.36-cp36-cp36m-manylinux_2_5_i686.manylinux1_i686.whl", hash = "sha256:a216b2801c7d9c3babe0a10cc25da3bc92494d7047d1f732d3c47b0cceaf0941"},
    {file = "Cython-0.29.36-cp36-cp36m-manylinux_2_5_x86_64.manylinux1_x86_64.whl", hash = "sha256:68abee3be27f21c9642a07a93f8333d491f4c52bc70068e42f51685df9ac1a57"},
    {file = "Cython-0.29.36-cp36-cp36m-musllinux_1_1_x86_64.whl", hash = "sha256:1ef90023da8a9bf84cf16f06186db0906d2ce52a09f751e2cb9d3da9d54eae46"},
    {file = "Cython-0.29.36-cp37-cp37m-manylinux_2_17_aarch64.manylinux2014_aarch64.manylinux_2_24_aarch64.whl", hash = "sha256:9deef0761e8c798043dbb728a1c6df97b26e5edc65b8d6c7608b3c07af3eb722"},
    {file = "Cython-0.29.36-cp37-cp37m-manylinux_2_17_x86_64.manylinux2014_x86_64.manylinux_2_24_x86_64.whl", hash = "sha256:69af2365de2343b4e5a61c567e7611ddf2575ae6f6e5c01968f7d4f2747324eb"},
    {file = "Cython-0.29.36-cp37-cp37m-manylinux_2_5_i686.manylinux1_i686.manylinux_2_24_i686.whl", hash = "sha256:fdf377b0f6e9325b73ad88933136023184afdc795caeeaaf3dca13494cffd15e"},
    {file = "Cython-0.29.36-cp37-cp37m-manylinux_2_5_i686.manylinux1_i686.whl", hash = "sha256:1ff2cc5518558c598028ae8d9a43401e0e734b74b6e598156b005328c9da3472"},
    {file = "Cython-0.29.36-cp37-cp37m-manylinux_2_5_x86_64.manylinux1_x86_64.whl", hash = "sha256:7ca921068242cd8b52544870c807fe285c1f248b12df7b6dfae25cc9957b965e"},
    {file = "Cython-0.29.36-cp37-cp37m-musllinux_1_1_x86_64.whl", hash = "sha256:6058a6d04e04d790cda530e1ff675e9352359eb4b777920df3cac2b62a9a030f"},
    {file = "Cython-0.29.36-cp38-cp38-manylinux_2_17_aarch64.manylinux2014_aarch64.manylinux_2_24_aarch64.whl", hash = "sha256:de2045ceae1857e56a72f08e0acfa48c994277a353b7bdab1f097db9f8803f19"},
    {file = "Cython-0.29.36-cp38-cp38-manylinux_2_17_x86_64.manylinux2014_x86_64.manylinux_2_24_x86_64.whl", hash = "sha256:9f2a4b4587aaef08815410dc20653613ca04a120a2954a92c39e37c6b5fdf6be"},
    {file = "Cython-0.29.36-cp38-cp38-manylinux_2_5_i686.manylinux1_i686.manylinux_2_24_i686.whl", hash = "sha256:2edd9f8edca69178d74cbbbc180bc3e848433c9b7dc80374a11a0bb0076c926d"},
    {file = "Cython-0.29.36-cp38-cp38-manylinux_2_5_i686.manylinux1_i686.whl", hash = "sha256:c6c0aea8491a70f98b7496b5057c9523740e02cec21cd678eef609d2aa6c1257"},
    {file = "Cython-0.29.36-cp38-cp38-manylinux_2_5_x86_64.manylinux1_x86_64.whl", hash = "sha256:768f65b16d23c630d8829ce1f95520ef1531a9c0489fa872d87c8c3813f65aee"},
    {file = "Cython-0.29.36-cp38-cp38-musllinux_1_1_x86_64.whl", hash = "sha256:568625e8274ee7288ad87b0f615ec36ab446ca9b35e77481ed010027d99c7020"},
    {file = "Cython-0.29.36-cp39-cp39-manylinux_2_17_aarch64.manylinux2014_aarch64.manylinux_2_24_aarch64.whl", hash = "sha256:bdc0a4cb99f55e6878d4b67a4bfee23823484915cb6b7e9c9dd01002dd3592ea"},
    {file = "Cython-0.29.36-cp39-cp39-manylinux_2_17_x86_64.manylinux2014_x86_64.manylinux_2_24_x86_64.whl", hash = "sha256:f0df6552be39853b10dfb5a10dbd08f5c49023d6b390d7ce92d4792a8b6e73ee"},
    {file = "Cython-0.29.36-cp39-cp39-manylinux_2_5_i686.manylinux1_i686.manylinux_2_24_i686.whl", hash = "sha256:8894db6f5b6479a3c164e0454e13083ebffeaa9a0822668bb2319bdf1b783df1"},
    {file = "Cython-0.29.36-cp39-cp39-manylinux_2_5_i686.manylinux1_i686.whl", hash = "sha256:53f93a8c342e9445a8f0cb7039775294f2dbbe5241936573daeaf0afe30397e4"},
    {file = "Cython-0.29.36-cp39-cp39-manylinux_2_5_x86_64.manylinux1_x86_64.whl", hash = "sha256:ee317f9bcab901a3db39c34ee5a27716f7132e5c0de150125342694d18b30f51"},
    {file = "Cython-0.29.36-cp39-cp39-musllinux_1_1_x86_64.whl", hash = "sha256:e4b8269e5a5d127a2191b02b9df3636c0dac73f14f1ff8a831f39cb5197c4f38"},
    {file = "Cython-0.29.36-py2.py3-none-any.whl", hash = "sha256:95bb13d8be507425d03ebe051f90d4b2a9fdccc64e4f30b35645fdb7542742eb"},
    {file = "Cython-0.29.36.tar.gz", hash = "sha256:41c0cfd2d754e383c9eeb95effc9aa4ab847d0c9747077ddd7c0dcb68c3bc01f"},
]

[[package]]
name = "dionysus"
version = "2.0.10"
description = "Library for computing persistent homology"
optional = false
python-versions = "*"
files = [
    {file = "dionysus-2.0.10-cp311-cp311-macosx_13_0_arm64.whl", hash = "sha256:baf47aa0c5195e221832760637ce22c85b98a2a112c220533e61fc13c6b0804c"},
    {file = "dionysus-2.0.10.tar.gz", hash = "sha256:e20f6cc5622d0ff337a2f87fb5b3f2b7b7aedc4cdd07018c27b38f4cb75b0db8"},
]

[[package]]
name = "idna"
version = "3.4"
description = "Internationalized Domain Names in Applications (IDNA)"
optional = false
python-versions = ">=3.5"
files = [
    {file = "idna-3.4-py3-none-any.whl", hash = "sha256:90b77e79eaa3eba6de819a0c442c0b4ceefc341a7a2ab77d7562bf49f425c5c2"},
    {file = "idna-3.4.tar.gz", hash = "sha256:814f528e8dead7d329833b91c5faa87d60bf71824cd12a7530b5526063d02cb4"},
]

[[package]]
name = "netcdf4"
version = "1.6.4"
description = "Provides an object-oriented python interface to the netCDF version 4 library"
optional = false
python-versions = ">=3.7"
files = [
    {file = "netCDF4-1.6.4-cp310-cp310-macosx_10_9_x86_64.whl", hash = "sha256:59eba11eac34f9c7bd209121b26954c71ff69a2eb2838d2ac339b39ea60a95c0"},
    {file = "netCDF4-1.6.4-cp310-cp310-macosx_11_0_arm64.whl", hash = "sha256:541286ce7318033b326da2e4325f08037b561887d5fd25d12c2b0cad74eb1edc"},
    {file = "netCDF4-1.6.4-cp310-cp310-manylinux_2_17_aarch64.manylinux2014_aarch64.whl", hash = "sha256:6620f7962daff02df2fbcbc8f7af53edf21512bc7f5697d846d424a094f96345"},
    {file = "netCDF4-1.6.4-cp310-cp310-manylinux_2_17_i686.manylinux2014_i686.whl", hash = "sha256:2dcf74f7b15ae6105c09df93af22ad61366a288fbb329fdbe3b9606c56c788f5"},
    {file = "netCDF4-1.6.4-cp310-cp310-manylinux_2_17_x86_64.manylinux2014_x86_64.whl", hash = "sha256:b368fc185cac7d8890a8cf1016488cd252a144008144d06a615925b09bf8d67e"},
    {file = "netCDF4-1.6.4-cp310-cp310-win_amd64.whl", hash = "sha256:eb19c51fa090b562be4f87ff736b629ffafc03d7bf1fa10f623f957d49417b4f"},
    {file = "netCDF4-1.6.4-cp311-cp311-macosx_10_9_x86_64.whl", hash = "sha256:08a7efab50d5a4da6227244e544a74f676b732ccdff2b8a4678174c15a3f8dff"},
    {file = "netCDF4-1.6.4-cp311-cp311-macosx_11_0_arm64.whl", hash = "sha256:f9b7ad3f66d50970fa1bd5509c52bb8a99740c8a79fafa83bfd0bc7348b6ab5a"},
    {file = "netCDF4-1.6.4-cp311-cp311-manylinux_2_17_aarch64.manylinux2014_aarch64.whl", hash = "sha256:2c5cad50d4e6e5a3b35c76862c58393ddf93baa44de98b6e040ac21896145881"},
    {file = "netCDF4-1.6.4-cp311-cp311-manylinux_2_17_x86_64.manylinux2014_x86_64.whl", hash = "sha256:1c2395c53a37717b1047650e1c9de68a3d69542bb25df5c594e1e14e9480bb18"},
    {file = "netCDF4-1.6.4-cp311-cp311-win_amd64.whl", hash = "sha256:c85f77599c61a88d512d6536e181ff1c01fd16f4740367e4f8e5cacb36500293"},
    {file = "netCDF4-1.6.4-cp37-cp37m-macosx_10_9_x86_64.whl", hash = "sha256:3e3efefdb9fc936503e89ff5b40b33f2c96527bae1e9672a2d369c5f7cb30bbd"},
    {file = "netCDF4-1.6.4-cp37-cp37m-manylinux_2_17_aarch64.manylinux2014_aarch64.whl", hash = "sha256:74a3e720a9764d13d669763c1f3c73f3f719ef181dccecad062440eea03f069e"},
    {file = "netCDF4-1.6.4-cp37-cp37m-manylinux_2_17_i686.manylinux2014_i686.whl", hash = "sha256:c67bc7fafced3f9370fdef6ce7abe235a771bed7ebe534f4ba3c84d9689dae23"},
    {file = "netCDF4-1.6.4-cp37-cp37m-manylinux_2_17_x86_64.manylinux2014_x86_64.whl", hash = "sha256:b599a3b5c0d0e3affa70d7954c2b0c4ab7d7bdb52b0e413c811da9725982de33"},
    {file = "netCDF4-1.6.4-cp38-cp38-macosx_10_9_x86_64.whl", hash = "sha256:b21d47c23edd02ff83160c8ccc1e4d4946a91d454b246e7f63d7a6d63901707c"},
    {file = "netCDF4-1.6.4-cp38-cp38-macosx_11_0_arm64.whl", hash = "sha256:8eff69acdf250ebaf817cc9bbfb457d241f92f989c7f9cca33eb29985c0f9797"},
    {file = "netCDF4-1.6.4-cp38-cp38-manylinux_2_17_i686.manylinux2014_i686.whl", hash = "sha256:4d6bcdf27fd611eaec891f4281caf5c56bbad6f5fc245ce3e6dd2dc4fc3fad56"},
    {file = "netCDF4-1.6.4-cp38-cp38-manylinux_2_17_x86_64.manylinux2014_x86_64.whl", hash = "sha256:c99a3d476242d489da26f71e318ddd314723ca766f4db11270863a764b107bc3"},
    {file = "netCDF4-1.6.4-cp38-cp38-win_amd64.whl", hash = "sha256:422077c7303cb17cbe8b9ace965cafda1f9d4c9b035809fc5c87091e7ff4d606"},
    {file = "netCDF4-1.6.4-cp39-cp39-macosx_10_9_x86_64.whl", hash = "sha256:0050e49889c357ae0a73f96e2b9988f250396689b78142de88a39ac8b1e702aa"},
    {file = "netCDF4-1.6.4-cp39-cp39-macosx_11_0_arm64.whl", hash = "sha256:0a2cd2e2a9da98f1838e1edfeb011b840a434e04d156052b936ffe49f5298126"},
    {file = "netCDF4-1.6.4-cp39-cp39-manylinux_2_17_aarch64.manylinux2014_aarch64.whl", hash = "sha256:695cd0a40df49b4218350686c44e13b3a4671e53ee33faf7439a89940cbccc68"},
    {file = "netCDF4-1.6.4-cp39-cp39-manylinux_2_17_i686.manylinux2014_i686.whl", hash = "sha256:e582e6e41b27fc3a3296239afe065941bda60118d585df0ad41603f6f962888e"},
    {file = "netCDF4-1.6.4-cp39-cp39-manylinux_2_17_x86_64.manylinux2014_x86_64.whl", hash = "sha256:f7b4ab3f0cd28a6685031e8b9be00c3047b4256da576c9de540440d013a31cea"},
    {file = "netCDF4-1.6.4-cp39-cp39-win_amd64.whl", hash = "sha256:1a950b3d8fcffca05e371a4cb64dc76580375588d1fca43b788192f409108ebe"},
    {file = "netCDF4-1.6.4.tar.gz", hash = "sha256:66da6542cbc7a6045cd1d979397dfd5a3f6c880c76d52b8f98bb108c82ee8c6e"},
]

[package.dependencies]
certifi = "*"
cftime = "*"
numpy = "*"

[[package]]
name = "numpy"
version = "1.24.4"
description = "Fundamental package for array computing in Python"
optional = false
python-versions = ">=3.8"
files = [
    {file = "numpy-1.24.4-cp310-cp310-macosx_10_9_x86_64.whl", hash = "sha256:c0bfb52d2169d58c1cdb8cc1f16989101639b34c7d3ce60ed70b19c63eba0b64"},
    {file = "numpy-1.24.4-cp310-cp310-macosx_11_0_arm64.whl", hash = "sha256:ed094d4f0c177b1b8e7aa9cba7d6ceed51c0e569a5318ac0ca9a090680a6a1b1"},
    {file = "numpy-1.24.4-cp310-cp310-manylinux_2_17_aarch64.manylinux2014_aarch64.whl", hash = "sha256:79fc682a374c4a8ed08b331bef9c5f582585d1048fa6d80bc6c35bc384eee9b4"},
    {file = "numpy-1.24.4-cp310-cp310-manylinux_2_17_x86_64.manylinux2014_x86_64.whl", hash = "sha256:7ffe43c74893dbf38c2b0a1f5428760a1a9c98285553c89e12d70a96a7f3a4d6"},
    {file = "numpy-1.24.4-cp310-cp310-win32.whl", hash = "sha256:4c21decb6ea94057331e111a5bed9a79d335658c27ce2adb580fb4d54f2ad9bc"},
    {file = "numpy-1.24.4-cp310-cp310-win_amd64.whl", hash = "sha256:b4bea75e47d9586d31e892a7401f76e909712a0fd510f58f5337bea9572c571e"},
    {file = "numpy-1.24.4-cp311-cp311-macosx_10_9_x86_64.whl", hash = "sha256:f136bab9c2cfd8da131132c2cf6cc27331dd6fae65f95f69dcd4ae3c3639c810"},
    {file = "numpy-1.24.4-cp311-cp311-macosx_11_0_arm64.whl", hash = "sha256:e2926dac25b313635e4d6cf4dc4e51c8c0ebfed60b801c799ffc4c32bf3d1254"},
    {file = "numpy-1.24.4-cp311-cp311-manylinux_2_17_aarch64.manylinux2014_aarch64.whl", hash = "sha256:222e40d0e2548690405b0b3c7b21d1169117391c2e82c378467ef9ab4c8f0da7"},
    {file = "numpy-1.24.4-cp311-cp311-manylinux_2_17_x86_64.manylinux2014_x86_64.whl", hash = "sha256:7215847ce88a85ce39baf9e89070cb860c98fdddacbaa6c0da3ffb31b3350bd5"},
    {file = "numpy-1.24.4-cp311-cp311-win32.whl", hash = "sha256:4979217d7de511a8d57f4b4b5b2b965f707768440c17cb70fbf254c4b225238d"},
    {file = "numpy-1.24.4-cp311-cp311-win_amd64.whl", hash = "sha256:b7b1fc9864d7d39e28f41d089bfd6353cb5f27ecd9905348c24187a768c79694"},
    {file = "numpy-1.24.4-cp38-cp38-macosx_10_9_x86_64.whl", hash = "sha256:1452241c290f3e2a312c137a9999cdbf63f78864d63c79039bda65ee86943f61"},
    {file = "numpy-1.24.4-cp38-cp38-macosx_11_0_arm64.whl", hash = "sha256:04640dab83f7c6c85abf9cd729c5b65f1ebd0ccf9de90b270cd61935eef0197f"},
    {file = "numpy-1.24.4-cp38-cp38-manylinux_2_17_aarch64.manylinux2014_aarch64.whl", hash = "sha256:a5425b114831d1e77e4b5d812b69d11d962e104095a5b9c3b641a218abcc050e"},
    {file = "numpy-1.24.4-cp38-cp38-manylinux_2_17_x86_64.manylinux2014_x86_64.whl", hash = "sha256:dd80e219fd4c71fc3699fc1dadac5dcf4fd882bfc6f7ec53d30fa197b8ee22dc"},
    {file = "numpy-1.24.4-cp38-cp38-win32.whl", hash = "sha256:4602244f345453db537be5314d3983dbf5834a9701b7723ec28923e2889e0bb2"},
    {file = "numpy-1.24.4-cp38-cp38-win_amd64.whl", hash = "sha256:692f2e0f55794943c5bfff12b3f56f99af76f902fc47487bdfe97856de51a706"},
    {file = "numpy-1.24.4-cp39-cp39-macosx_10_9_x86_64.whl", hash = "sha256:2541312fbf09977f3b3ad449c4e5f4bb55d0dbf79226d7724211acc905049400"},
    {file = "numpy-1.24.4-cp39-cp39-macosx_11_0_arm64.whl", hash = "sha256:9667575fb6d13c95f1b36aca12c5ee3356bf001b714fc354eb5465ce1609e62f"},
    {file = "numpy-1.24.4-cp39-cp39-manylinux_2_17_aarch64.manylinux2014_aarch64.whl", hash = "sha256:f3a86ed21e4f87050382c7bc96571755193c4c1392490744ac73d660e8f564a9"},
    {file = "numpy-1.24.4-cp39-cp39-manylinux_2_17_x86_64.manylinux2014_x86_64.whl", hash = "sha256:d11efb4dbecbdf22508d55e48d9c8384db795e1b7b51ea735289ff96613ff74d"},
    {file = "numpy-1.24.4-cp39-cp39-win32.whl", hash = "sha256:6620c0acd41dbcb368610bb2f4d83145674040025e5536954782467100aa8835"},
    {file = "numpy-1.24.4-cp39-cp39-win_amd64.whl", hash = "sha256:befe2bf740fd8373cf56149a5c23a0f601e82869598d41f8e188a0e9869926f8"},
    {file = "numpy-1.24.4-pp38-pypy38_pp73-macosx_10_9_x86_64.whl", hash = "sha256:31f13e25b4e304632a4619d0e0777662c2ffea99fcae2029556b17d8ff958aef"},
    {file = "numpy-1.24.4-pp38-pypy38_pp73-manylinux_2_17_x86_64.manylinux2014_x86_64.whl", hash = "sha256:95f7ac6540e95bc440ad77f56e520da5bf877f87dca58bd095288dce8940532a"},
    {file = "numpy-1.24.4-pp38-pypy38_pp73-win_amd64.whl", hash = "sha256:e98f220aa76ca2a977fe435f5b04d7b3470c0a2e6312907b37ba6068f26787f2"},
    {file = "numpy-1.24.4.tar.gz", hash = "sha256:80f5e3a4e498641401868df4208b74581206afbee7cf7b8329daae82676d9463"},
]

[[package]]
name = "psutil"
version = "5.9.5"
description = "Cross-platform lib for process and system monitoring in Python."
optional = false
python-versions = ">=2.7, !=3.0.*, !=3.1.*, !=3.2.*, !=3.3.*"
files = [
    {file = "psutil-5.9.5-cp27-cp27m-macosx_10_9_x86_64.whl", hash = "sha256:be8929ce4313f9f8146caad4272f6abb8bf99fc6cf59344a3167ecd74f4f203f"},
    {file = "psutil-5.9.5-cp27-cp27m-manylinux2010_i686.whl", hash = "sha256:ab8ed1a1d77c95453db1ae00a3f9c50227ebd955437bcf2a574ba8adbf6a74d5"},
    {file = "psutil-5.9.5-cp27-cp27m-manylinux2010_x86_64.whl", hash = "sha256:4aef137f3345082a3d3232187aeb4ac4ef959ba3d7c10c33dd73763fbc063da4"},
    {file = "psutil-5.9.5-cp27-cp27mu-manylinux2010_i686.whl", hash = "sha256:ea8518d152174e1249c4f2a1c89e3e6065941df2fa13a1ab45327716a23c2b48"},
    {file = "psutil-5.9.5-cp27-cp27mu-manylinux2010_x86_64.whl", hash = "sha256:acf2aef9391710afded549ff602b5887d7a2349831ae4c26be7c807c0a39fac4"},
    {file = "psutil-5.9.5-cp27-none-win32.whl", hash = "sha256:5b9b8cb93f507e8dbaf22af6a2fd0ccbe8244bf30b1baad6b3954e935157ae3f"},
    {file = "psutil-5.9.5-cp27-none-win_amd64.whl", hash = "sha256:8c5f7c5a052d1d567db4ddd231a9d27a74e8e4a9c3f44b1032762bd7b9fdcd42"},
    {file = "psutil-5.9.5-cp36-abi3-macosx_10_9_x86_64.whl", hash = "sha256:3c6f686f4225553615612f6d9bc21f1c0e305f75d7d8454f9b46e901778e7217"},
    {file = "psutil-5.9.5-cp36-abi3-manylinux_2_12_i686.manylinux2010_i686.manylinux_2_17_i686.manylinux2014_i686.whl", hash = "sha256:7a7dd9997128a0d928ed4fb2c2d57e5102bb6089027939f3b722f3a210f9a8da"},
    {file = "psutil-5.9.5-cp36-abi3-manylinux_2_12_x86_64.manylinux2010_x86_64.manylinux_2_17_x86_64.manylinux2014_x86_64.whl", hash = "sha256:89518112647f1276b03ca97b65cc7f64ca587b1eb0278383017c2a0dcc26cbe4"},
    {file = "psutil-5.9.5-cp36-abi3-win32.whl", hash = "sha256:104a5cc0e31baa2bcf67900be36acde157756b9c44017b86b2c049f11957887d"},
    {file = "psutil-5.9.5-cp36-abi3-win_amd64.whl", hash = "sha256:b258c0c1c9d145a1d5ceffab1134441c4c5113b2417fafff7315a917a026c3c9"},
    {file = "psutil-5.9.5-cp38-abi3-macosx_11_0_arm64.whl", hash = "sha256:c607bb3b57dc779d55e1554846352b4e358c10fff3abf3514a7a6601beebdb30"},
    {file = "psutil-5.9.5.tar.gz", hash = "sha256:5410638e4df39c54d957fc51ce03048acd8e6d60abc0f5107af51e5fb566eb3c"},
]

[package.extras]
test = ["enum34", "ipaddress", "mock", "pywin32", "wmi"]

[[package]]
name = "pybind11"
version = "2.11.1"
description = "Seamless operability between C++11 and Python"
optional = false
python-versions = ">=3.6"
files = [
    {file = "pybind11-2.11.1-py3-none-any.whl", hash = "sha256:33cdd02a6453380dd71cc70357ce388ad1ee8d32bd0e38fc22b273d050aa29b3"},
    {file = "pybind11-2.11.1.tar.gz", hash = "sha256:00cd59116a6e8155aecd9174f37ba299d1d397ed4a6b86ac1dfe01b3e40f2cc4"},
]

[package.extras]
global = ["pybind11-global (==2.11.1)"]

[[package]]
name = "requests"
version = "2.31.0"
description = "Python HTTP for Humans."
optional = false
python-versions = ">=3.7"
files = [
    {file = "requests-2.31.0-py3-none-any.whl", hash = "sha256:58cd2187c01e70e6e26505bca751777aa9f2ee0b7f4300988b709f44e013003f"},
    {file = "requests-2.31.0.tar.gz", hash = "sha256:942c5a758f98d790eaed1a29cb6eefc7ffb0d1cf7af05c3d2791656dbd6ad1e1"},
]

[package.dependencies]
certifi = ">=2017.4.17"
charset-normalizer = ">=2,<4"
idna = ">=2.5,<4"
urllib3 = ">=1.21.1,<3"

[package.extras]
socks = ["PySocks (>=1.5.6,!=1.5.7)"]
use-chardet-on-py3 = ["chardet (>=3.0.2,<6)"]

[[package]]
name = "scipy"
version = "1.10.1"
description = "Fundamental algorithms for scientific computing in Python"
optional = false
python-versions = "<3.12,>=3.8"
files = [
    {file = "scipy-1.10.1-cp310-cp310-macosx_10_9_x86_64.whl", hash = "sha256:e7354fd7527a4b0377ce55f286805b34e8c54b91be865bac273f527e1b839019"},
    {file = "scipy-1.10.1-cp310-cp310-macosx_12_0_arm64.whl", hash = "sha256:4b3f429188c66603a1a5c549fb414e4d3bdc2a24792e061ffbd607d3d75fd84e"},
    {file = "scipy-1.10.1-cp310-cp310-manylinux_2_17_aarch64.manylinux2014_aarch64.whl", hash = "sha256:1553b5dcddd64ba9a0d95355e63fe6c3fc303a8fd77c7bc91e77d61363f7433f"},
    {file = "scipy-1.10.1-cp310-cp310-manylinux_2_17_x86_64.manylinux2014_x86_64.whl", hash = "sha256:4c0ff64b06b10e35215abce517252b375e580a6125fd5fdf6421b98efbefb2d2"},
    {file = "scipy-1.10.1-cp310-cp310-win_amd64.whl", hash = "sha256:fae8a7b898c42dffe3f7361c40d5952b6bf32d10c4569098d276b4c547905ee1"},
    {file = "scipy-1.10.1-cp311-cp311-macosx_10_9_x86_64.whl", hash = "sha256:0f1564ea217e82c1bbe75ddf7285ba0709ecd503f048cb1236ae9995f64217bd"},
    {file = "scipy-1.10.1-cp311-cp311-macosx_12_0_arm64.whl", hash = "sha256:d925fa1c81b772882aa55bcc10bf88324dadb66ff85d548c71515f6689c6dac5"},
    {file = "scipy-1.10.1-cp311-cp311-manylinux_2_17_aarch64.manylinux2014_aarch64.whl", hash = "sha256:aaea0a6be54462ec027de54fca511540980d1e9eea68b2d5c1dbfe084797be35"},
    {file = "scipy-1.10.1-cp311-cp311-manylinux_2_17_x86_64.manylinux2014_x86_64.whl", hash = "sha256:15a35c4242ec5f292c3dd364a7c71a61be87a3d4ddcc693372813c0b73c9af1d"},
    {file = "scipy-1.10.1-cp311-cp311-win_amd64.whl", hash = "sha256:43b8e0bcb877faf0abfb613d51026cd5cc78918e9530e375727bf0625c82788f"},
    {file = "scipy-1.10.1-cp38-cp38-macosx_10_9_x86_64.whl", hash = "sha256:5678f88c68ea866ed9ebe3a989091088553ba12c6090244fdae3e467b1139c35"},
    {file = "scipy-1.10.1-cp38-cp38-macosx_12_0_arm64.whl", hash = "sha256:39becb03541f9e58243f4197584286e339029e8908c46f7221abeea4b749fa88"},
    {file = "scipy-1.10.1-cp38-cp38-manylinux_2_17_aarch64.manylinux2014_aarch64.whl", hash = "sha256:bce5869c8d68cf383ce240e44c1d9ae7c06078a9396df68ce88a1230f93a30c1"},
    {file = "scipy-1.10.1-cp38-cp38-manylinux_2_17_x86_64.manylinux2014_x86_64.whl", hash = "sha256:07c3457ce0b3ad5124f98a86533106b643dd811dd61b548e78cf4c8786652f6f"},
    {file = "scipy-1.10.1-cp38-cp38-win_amd64.whl", hash = "sha256:049a8bbf0ad95277ffba9b3b7d23e5369cc39e66406d60422c8cfef40ccc8415"},
    {file = "scipy-1.10.1-cp39-cp39-macosx_10_9_x86_64.whl", hash = "sha256:cd9f1027ff30d90618914a64ca9b1a77a431159df0e2a195d8a9e8a04c78abf9"},
    {file = "scipy-1.10.1-cp39-cp39-macosx_12_0_arm64.whl", hash = "sha256:79c8e5a6c6ffaf3a2262ef1be1e108a035cf4f05c14df56057b64acc5bebffb6"},
    {file = "scipy-1.10.1-cp39-cp39-manylinux_2_17_aarch64.manylinux2014_aarch64.whl", hash = "sha256:51af417a000d2dbe1ec6c372dfe688e041a7084da4fdd350aeb139bd3fb55353"},
    {file = "scipy-1.10.1-cp39-cp39-manylinux_2_17_x86_64.manylinux2014_x86_64.whl", hash = "sha256:1b4735d6c28aad3cdcf52117e0e91d6b39acd4272f3f5cd9907c24ee931ad601"},
    {file = "scipy-1.10.1-cp39-cp39-win_amd64.whl", hash = "sha256:7ff7f37b1bf4417baca958d254e8e2875d0cc23aaadbe65b3d5b3077b0eb23ea"},
    {file = "scipy-1.10.1.tar.gz", hash = "sha256:2cf9dfb80a7b4589ba4c40ce7588986d6d5cebc5457cad2c2880f6bc2d42f3a5"},
]

[package.dependencies]
numpy = ">=1.19.5,<1.27.0"

[package.extras]
dev = ["click", "doit (>=0.36.0)", "flake8", "mypy", "pycodestyle", "pydevtool", "rich-click", "typing_extensions"]
doc = ["matplotlib (>2)", "numpydoc", "pydata-sphinx-theme (==0.9.0)", "sphinx (!=4.1.0)", "sphinx-design (>=0.2.0)"]
test = ["asv", "gmpy2", "mpmath", "pooch", "pytest", "pytest-cov", "pytest-timeout", "pytest-xdist", "scikit-umfpack", "threadpoolctl"]

[[package]]
name = "urllib3"
version = "2.0.4"
description = "HTTP library with thread-safe connection pooling, file post, and more."
optional = false
python-versions = ">=3.7"
files = [
    {file = "urllib3-2.0.4-py3-none-any.whl", hash = "sha256:de7df1803967d2c2a98e4b11bb7d6bd9210474c46e8a0401514e3a42a75ebde4"},
    {file = "urllib3-2.0.4.tar.gz", hash = "sha256:8d22f86aae8ef5e410d4f539fde9ce6b2113a001bb4d189e0aed70642d602b11"},
]

[package.extras]
brotli = ["brotli (>=1.0.9)", "brotlicffi (>=0.8.0)"]
secure = ["certifi", "cryptography (>=1.9)", "idna (>=2.0.0)", "pyopenssl (>=17.1.0)", "urllib3-secure-extra"]
socks = ["pysocks (>=1.5.6,!=1.5.7,<2.0)"]
zstd = ["zstandard (>=0.18.0)"]

[metadata]
lock-version = "2.0"
python-versions = ">=3.8,<3.12"
content-hash = "1428578141d5a3d06ff283162ebbdcc2ddac869d3051513dbcbfc7d0903f9d4a"
