[[package]]
name = "certifi"
version = "2021.5.30"
description = "Python package for providing Mozilla's CA Bundle."
category = "main"
optional = false
python-versions = "*"

[[package]]
name = "cftime"
version = "1.5.0"
description = "Time-handling functionality from netcdf4-python"
category = "main"
optional = false
python-versions = "*"

[package.dependencies]
numpy = "*"

[[package]]
name = "chardet"
version = "4.0.0"
description = "Universal encoding detector for Python 2 and 3"
category = "main"
optional = false
python-versions = ">=2.7, !=3.0.*, !=3.1.*, !=3.2.*, !=3.3.*, !=3.4.*"

[[package]]
name = "cmake"
version = "3.20.2"
description = "CMake is an open-source, cross-platform family of tools designed to build, test and package software"
category = "main"
optional = false
python-versions = "*"

[[package]]
name = "cython"
version = "0.29.23"
description = "The Cython compiler for writing C extensions for the Python language."
category = "main"
optional = false
python-versions = ">=2.6, !=3.0.*, !=3.1.*, !=3.2.*"

[[package]]
name = "dionysus"
version = "2.0.8"
description = "Library for computing persistent homology"
category = "main"
optional = false
python-versions = "*"

[[package]]
name = "idna"
version = "2.10"
description = "Internationalized Domain Names in Applications (IDNA)"
category = "main"
optional = false
python-versions = ">=2.7, !=3.0.*, !=3.1.*, !=3.2.*, !=3.3.*"

[[package]]
name = "netcdf4"
version = "1.5.6"
description = "Provides an object-oriented python interface to the netCDF version 4 library."
category = "main"
optional = false
python-versions = "*"

[package.dependencies]
cftime = "*"
numpy = ">=1.9"

[[package]]
name = "numpy"
version = "1.20.3"
description = "NumPy is the fundamental package for array computing with Python."
category = "main"
optional = false
python-versions = ">=3.7"

[[package]]
name = "pybind11"
version = "2.6.2"
description = "Seamless operability between C++11 and Python"
category = "main"
optional = false
python-versions = "!=3.0,!=3.1,!=3.2,!=3.3,!=3.4,>=2.7"

[package.extras]
global = ["pybind11-global (==2.6.2)"]

[[package]]
name = "requests"
version = "2.25.1"
description = "Python HTTP for Humans."
category = "main"
optional = false
python-versions = ">=2.7, !=3.0.*, !=3.1.*, !=3.2.*, !=3.3.*, !=3.4.*"

[package.dependencies]
certifi = ">=2017.4.17"
chardet = ">=3.0.2,<5"
idna = ">=2.5,<3"
urllib3 = ">=1.21.1,<1.27"

[package.extras]
security = ["pyOpenSSL (>=0.14)", "cryptography (>=1.3.4)"]
socks = ["PySocks (>=1.5.6,!=1.5.7)", "win-inet-pton"]

[[package]]
name = "scipy"
version = "1.6.3"
description = "SciPy: Scientific Library for Python"
category = "main"
optional = false
python-versions = ">=3.7,<3.10"

[package.dependencies]
numpy = ">=1.16.5,<1.23.0"

[[package]]
name = "urllib3"
version = "1.26.5"
description = "HTTP library with thread-safe connection pooling, file post, and more."
category = "main"
optional = false
python-versions = ">=2.7, !=3.0.*, !=3.1.*, !=3.2.*, !=3.3.*, !=3.4.*, <4"

[package.extras]
brotli = ["brotlipy (>=0.6.0)"]
secure = ["pyOpenSSL (>=0.14)", "cryptography (>=1.3.4)", "idna (>=2.0.0)", "certifi", "ipaddress"]
socks = ["PySocks (>=1.5.6,!=1.5.7,<2.0)"]

[metadata]
lock-version = "1.1"
python-versions = "~3.7"
content-hash = "4d7e23e9ca6c8f6d8777cc87b81c8da81af6bd1d979e6cbfa48c8b2c1436b627"

[metadata.files]
certifi = [
    {file = "certifi-2021.5.30-py2.py3-none-any.whl", hash = "sha256:50b1e4f8446b06f41be7dd6338db18e0990601dce795c2b1686458aa7e8fa7d8"},
    {file = "certifi-2021.5.30.tar.gz", hash = "sha256:2bbf76fd432960138b3ef6dda3dde0544f27cbf8546c458e60baf371917ba9ee"},
]
cftime = [
    {file = "cftime-1.5.0-cp36-cp36m-macosx_10_9_x86_64.whl", hash = "sha256:1883d7d0f95879c9354071ea7680e61bd57bf8a51659451bb8accca686a49e89"},
    {file = "cftime-1.5.0-cp36-cp36m-manylinux_2_17_aarch64.manylinux2014_aarch64.whl", hash = "sha256:2bb4a2db77592da5bfc0f208dacca6eaa305549d85223f4780ecd4ff17c28729"},
    {file = "cftime-1.5.0-cp36-cp36m-manylinux_2_17_x86_64.manylinux2014_x86_64.whl", hash = "sha256:40bed9af075bd56ab1c9c6d9b40727e4e9cadcc448fbbcc876bf8a1d60d089b8"},
    {file = "cftime-1.5.0-cp36-cp36m-manylinux_2_5_i686.manylinux1_i686.manylinux_2_17_i686.manylinux2014_i686.whl", hash = "sha256:372222ecb0c1973dbf6eed0776724466e6f475284a080e881ef9f95cd28c13b5"},
    {file = "cftime-1.5.0-cp36-cp36m-manylinux_2_5_i686.manylinux1_i686.whl", hash = "sha256:698106c68e411bc24eb8b9386ed552442d0ca4d43760ac71a5134b6020af4ed4"},
    {file = "cftime-1.5.0-cp36-cp36m-manylinux_2_5_x86_64.manylinux1_x86_64.whl", hash = "sha256:6ae5594f5549ad60c58c76130ab88fdec68a759f822c6f5942f43a446720c00c"},
    {file = "cftime-1.5.0-cp36-none-win_amd64.whl", hash = "sha256:8e0cadf1342d079a0eb8427391766345affdadd5a5fde6d3301b3ac0cf91eda1"},
    {file = "cftime-1.5.0-cp37-cp37m-macosx_10_9_x86_64.whl", hash = "sha256:32a9b09aea0e0027e2582d0f6e1bc132f9b5494eb740326d3e98b9853908b22e"},
    {file = "cftime-1.5.0-cp37-cp37m-manylinux_2_17_aarch64.manylinux2014_aarch64.whl", hash = "sha256:19cfa87f1f37b11977d4507690b70b44abf7bf8498bba4e13bdb1b7a8685debd"},
    {file = "cftime-1.5.0-cp37-cp37m-manylinux_2_17_x86_64.manylinux2014_x86_64.whl", hash = "sha256:6abda13253f445b4117449a8f497fc04f18a0f58558071934b2e1d277f7bd3a4"},
    {file = "cftime-1.5.0-cp37-cp37m-manylinux_2_5_i686.manylinux1_i686.manylinux_2_17_i686.manylinux2014_i686.whl", hash = "sha256:e72009981d26de0c13116a5c7e3ffa180a0eded51ae5bc76a6f6b84a870597ec"},
    {file = "cftime-1.5.0-cp37-cp37m-manylinux_2_5_i686.manylinux1_i686.whl", hash = "sha256:59fbdc73e67f5e38822caf0319b5cb40fa469d34d2a1580339e951135e3fad6e"},
    {file = "cftime-1.5.0-cp37-cp37m-manylinux_2_5_x86_64.manylinux1_x86_64.whl", hash = "sha256:5bba5ebc643ca5ed5c39124423f771ebf41367437895bdd19a44ea02f2ccfec7"},
    {file = "cftime-1.5.0-cp37-none-win_amd64.whl", hash = "sha256:55259211a710ce2267018c357ddbd74ef79ec7860170d70217590042f1078dca"},
    {file = "cftime-1.5.0-cp38-cp38-macosx_10_9_x86_64.whl", hash = "sha256:ad3bdcbdc166ece1baba7e16d54e90b2a48895a9abcd9b3b0a39cae2d6881b8c"},
    {file = "cftime-1.5.0-cp38-cp38-manylinux_2_17_aarch64.manylinux2014_aarch64.whl", hash = "sha256:927ed60397fdbbe5dccb64fe0db4e82b83c10b149bc35386cec0b6aed852245c"},
    {file = "cftime-1.5.0-cp38-cp38-manylinux_2_17_x86_64.manylinux2014_x86_64.whl", hash = "sha256:52174d080281b8c31ed0ccaa059119d4c9a760d615aa72300ae6037c06e83c83"},
    {file = "cftime-1.5.0-cp38-cp38-manylinux_2_5_i686.manylinux1_i686.manylinux_2_17_i686.manylinux2014_i686.whl", hash = "sha256:894fc296c8c6b3da9b521efa79312643c29e3e6b8d72cbfbea2c471658adf510"},
    {file = "cftime-1.5.0-cp38-cp38-manylinux_2_5_i686.manylinux1_i686.whl", hash = "sha256:f9d0ad9ce3b8c705a3184d276135b781848bf7178c6cde39e11d7bc5b5c2ee7e"},
    {file = "cftime-1.5.0-cp38-cp38-manylinux_2_5_x86_64.manylinux1_x86_64.whl", hash = "sha256:7a820e16357dbdc9723b2059f7178451de626a8b2e5f80b9d91a77e3dac42133"},
    {file = "cftime-1.5.0-cp38-none-win_amd64.whl", hash = "sha256:8fc3206ce08579548de37f31b01fd8718d7622c89f68b31cf46983e1b35a339c"},
    {file = "cftime-1.5.0-cp39-cp39-macosx_10_9_x86_64.whl", hash = "sha256:12ca5a8897191f5def9daf65ac98865f10488511455e68f157f1ff9967bcf171"},
    {file = "cftime-1.5.0-cp39-cp39-manylinux_2_17_aarch64.manylinux2014_aarch64.whl", hash = "sha256:75049ca6ccc6981f4ef098f899a1a7aecc9080a764ca9d866ed9566714acd8fb"},
    {file = "cftime-1.5.0-cp39-cp39-manylinux_2_17_x86_64.manylinux2014_x86_64.whl", hash = "sha256:d748f0420154943e867560f6394c17f8497295df1747ee6f850d2d1166c0b85c"},
    {file = "cftime-1.5.0-cp39-cp39-manylinux_2_5_i686.manylinux1_i686.manylinux_2_17_i686.manylinux2014_i686.whl", hash = "sha256:a936c0a18c4c6d216e4cdf3a0dfc541e7e8784ad8fe9d7184f65e6fd20728964"},
    {file = "cftime-1.5.0-cp39-cp39-manylinux_2_5_i686.manylinux1_i686.whl", hash = "sha256:a257746867a404d7fa5cfd2fbd7f17b45e975f9984a8818ae475670e3b83552c"},
    {file = "cftime-1.5.0-cp39-cp39-manylinux_2_5_x86_64.manylinux1_x86_64.whl", hash = "sha256:7b54ddf469094c8ae46259460faf33ddad8a708dcd21e50ca6753507b9b52ec6"},
    {file = "cftime-1.5.0-cp39-none-win_amd64.whl", hash = "sha256:995f940b8f31696bae42a901371325a476e1a32ceb435222ce915e9d04c29395"},
    {file = "cftime-1.5.0.tar.gz", hash = "sha256:b644bcb53346b6f4fe2fcc9f3b574740a2097637492dcca29632c817e0604f29"},
]
chardet = [
    {file = "chardet-4.0.0-py2.py3-none-any.whl", hash = "sha256:f864054d66fd9118f2e67044ac8981a54775ec5b67aed0441892edb553d21da5"},
    {file = "chardet-4.0.0.tar.gz", hash = "sha256:0d6f53a15db4120f2b08c94f11e7d93d2c911ee118b6b30a04ec3ee8310179fa"},
]
cmake = [
    {file = "cmake-3.20.2-py2.py3-none-macosx_10_10_universal2.macosx_10_10_x86_64.macosx_11_0_arm64.macosx_11_0_universal2.whl", hash = "sha256:9447e5697fdd4712a86b0f7c9b626b49f0ae985dbfcfeccbfa3571047625ca5c"},
    {file = "cmake-3.20.2-py2.py3-none-manylinux1_i686.whl", hash = "sha256:3f571ad204c808325e96bba7fc1476da343a91a157d5ae4798340d46b9e387ce"},
    {file = "cmake-3.20.2-py2.py3-none-manylinux1_x86_64.whl", hash = "sha256:8be74cf80a16b62ba9df14d90ed1dc15f73abbcb39ecfa946c0cd23e8293e3e7"},
    {file = "cmake-3.20.2-py2.py3-none-manylinux_2_17_aarch64.manylinux2014_aarch64.whl", hash = "sha256:0da86069980ef9e7613909a624572b722b96badcac6e00beadef54273aceeb36"},
    {file = "cmake-3.20.2-py2.py3-none-manylinux_2_17_ppc64le.manylinux2014_ppc64le.whl", hash = "sha256:412f590015ea91c3339fd2ef3cadb8ba207db95c2041429d46e6f92baac16ad4"},
    {file = "cmake-3.20.2-py2.py3-none-manylinux_2_17_s390x.manylinux2014_s390x.whl", hash = "sha256:d5bcd0ca0077d89fac452d522b623c27f8eb1c76fb21efc0366ddc2b0fb2a770"},
    {file = "cmake-3.20.2-py2.py3-none-win32.whl", hash = "sha256:b6aae4b86e1165fdf6b63628ec39eaed25b43b59e43993499f6cadee7c8c6897"},
    {file = "cmake-3.20.2-py2.py3-none-win_amd64.whl", hash = "sha256:2eec53a432c0d6d91e15398aaaede368ed3f16cf74aef2f2390f85bb61944512"},
    {file = "cmake-3.20.2.tar.gz", hash = "sha256:ad0ee1a0eaac577f3c594795267c1617d53e4c31ce71208b96266ca7ef6fa857"},
]
cython = [
    {file = "Cython-0.29.23-cp27-cp27m-macosx_10_9_x86_64.whl", hash = "sha256:ff885f18d169759b57f116d3956e45cd2b9cba989fde348bba091544c668dc11"},
    {file = "Cython-0.29.23-cp27-cp27m-manylinux1_i686.whl", hash = "sha256:3b29224eb62309a10819d923dc6262f769e4f3facfee3cd06372c355e5b38b33"},
    {file = "Cython-0.29.23-cp27-cp27m-manylinux1_x86_64.whl", hash = "sha256:355a6e768d91e21fbf477b61881bab64b7a2da386a166898997bccefd532cf5d"},
    {file = "Cython-0.29.23-cp27-cp27m-win32.whl", hash = "sha256:2af52d312e96b38ded38b34d06e22685c226b1b0e58278bd27209f5d2385d115"},
    {file = "Cython-0.29.23-cp27-cp27m-win_amd64.whl", hash = "sha256:519fccf526d26b377e1db22f22aa44889b28bc5833ec106588cb13557e8ba2da"},
    {file = "Cython-0.29.23-cp27-cp27mu-manylinux1_i686.whl", hash = "sha256:625a16103770fd92b487b701fb0c07e5790b080f40fa11ce572a2d56d9e9fcca"},
    {file = "Cython-0.29.23-cp27-cp27mu-manylinux1_x86_64.whl", hash = "sha256:7b7a766726d207d7cd57aff0fcb4b35ce042d3cc88a421fcdb45eeb61a5b9d12"},
    {file = "Cython-0.29.23-cp34-cp34m-win32.whl", hash = "sha256:474c1a29ab43e29d990df279e2cf6aa96baa9208f5cd4bc76ac87ffcdf1e2945"},
    {file = "Cython-0.29.23-cp34-cp34m-win_amd64.whl", hash = "sha256:f4aca6bffb1c1c3c4ada3347d0b162a699c18a66e097ee08b63b3a35118fdfcc"},
    {file = "Cython-0.29.23-cp35-cp35m-manylinux1_i686.whl", hash = "sha256:58dc06871bfdb0592542d779714fe9f918e11ba20ac07757dd63b198bdc704fe"},
    {file = "Cython-0.29.23-cp35-cp35m-manylinux1_x86_64.whl", hash = "sha256:2a3bbce689a2fddb85aa66712d93875c99bf7f64ac82b1d149ecce522a7a4e0c"},
    {file = "Cython-0.29.23-cp35-cp35m-win32.whl", hash = "sha256:3ef530f975e3a760e7282fce2a25f900fa63f96d17321b4aa5f5542eb9859cdf"},
    {file = "Cython-0.29.23-cp35-cp35m-win_amd64.whl", hash = "sha256:ef21c51350462160456eb71df31b0869e5141e940f22c61c358bdb6e3ebc3388"},
    {file = "Cython-0.29.23-cp36-cp36m-macosx_10_9_x86_64.whl", hash = "sha256:20402ef316393168909926ab21848aa6e08e39bed5003b657139774e66166cd0"},
    {file = "Cython-0.29.23-cp36-cp36m-manylinux1_i686.whl", hash = "sha256:4858043ac5f96a8f0277cf63760bb39b9521c1f897678cf1d22423f3e758f4ed"},
    {file = "Cython-0.29.23-cp36-cp36m-manylinux1_x86_64.whl", hash = "sha256:4d7c3b0882d8757c601eaf288fc0d321d5c7ac6c3afb8c42eddf9325a3419cf5"},
    {file = "Cython-0.29.23-cp36-cp36m-win32.whl", hash = "sha256:37ff66039e3d138ec968ee1d1e12441fa5fb4e6a9c5458bc3c3a232f01be4a7d"},
    {file = "Cython-0.29.23-cp36-cp36m-win_amd64.whl", hash = "sha256:5be3ae3189cf7d0e9bbeafb854496dc7030c6f6a5602d809435fab8223543a41"},
    {file = "Cython-0.29.23-cp37-cp37m-macosx_10_9_x86_64.whl", hash = "sha256:b0699f0dc90181f2458fdb8170455e7798a309e18f41379eda7a2dc8c7aadee0"},
    {file = "Cython-0.29.23-cp37-cp37m-manylinux1_i686.whl", hash = "sha256:41cd0dd2ff5d78466e73409db509887a84449b400074d4f217980cedbb18e4be"},
    {file = "Cython-0.29.23-cp37-cp37m-manylinux1_x86_64.whl", hash = "sha256:aa3bb0928fb2aa3a8828801eb8b29af2261c199f805ae835467489e2bdd00372"},
    {file = "Cython-0.29.23-cp37-cp37m-win32.whl", hash = "sha256:20cb50d9fede8029bdb50875458f07a27f909289aeed4cdb9c19544dd9a9bc45"},
    {file = "Cython-0.29.23-cp37-cp37m-win_amd64.whl", hash = "sha256:c4b82461edbbcf90f19b319006345b77474a2d7514e1476d49a14bbd55d6b797"},
    {file = "Cython-0.29.23-cp38-cp38-macosx_10_9_x86_64.whl", hash = "sha256:794e3df0b57e16bce7583ac909126f4cb381fe566adadb20484d89095855eedb"},
    {file = "Cython-0.29.23-cp38-cp38-manylinux1_i686.whl", hash = "sha256:0c4b9f7e3aa004cf3f364e3e772f55fec5740485bafea99d1f13bdc9bbd8a545"},
    {file = "Cython-0.29.23-cp38-cp38-manylinux1_x86_64.whl", hash = "sha256:ceccc03b633113ede1f14ad914a6db5c278ce108c8ddb308a5c01c1567d8a02a"},
    {file = "Cython-0.29.23-cp38-cp38-win32.whl", hash = "sha256:4b0bcf2e06a9063fc78c3243ed4003228375d532ef13b9e5d7183be8f0a52cf5"},
    {file = "Cython-0.29.23-cp38-cp38-win_amd64.whl", hash = "sha256:5a6792153b728a0240e55bbb5b643f4f7e45c76319e03abf15bf367471ea1d1a"},
    {file = "Cython-0.29.23-cp39-cp39-macosx_10_9_x86_64.whl", hash = "sha256:a8eed9c82e8fe07b8a8ffbd36018871a17458903fc25c9d015f37b54513a3efd"},
    {file = "Cython-0.29.23-cp39-cp39-manylinux1_i686.whl", hash = "sha256:266459c7e48fe3c6c492b297e4033e42d4c6863cc1a1ff7cc4034949fc574fa6"},
    {file = "Cython-0.29.23-cp39-cp39-manylinux1_x86_64.whl", hash = "sha256:4b6824b58d4373224fc76ee8bee6b35c2d17c91a1ed0fa67b88440f63daebe50"},
    {file = "Cython-0.29.23-cp39-cp39-win32.whl", hash = "sha256:7d6a33c8a11f05f698e215bfdb837f32c27f63c20f3af863557ed91c748dc2be"},
    {file = "Cython-0.29.23-cp39-cp39-win_amd64.whl", hash = "sha256:2365f3b5e6451b6bc6dcd262230656f4ade1d862ec2f6c22154deebef37c08b6"},
    {file = "Cython-0.29.23-py2.py3-none-any.whl", hash = "sha256:282263628c5d601b313d5920f7b6d7e08c7fedbddacd080c4858aa04d86b6b4b"},
    {file = "Cython-0.29.23.tar.gz", hash = "sha256:6a0d31452f0245daacb14c979c77e093eb1a546c760816b5eed0047686baad8e"},
]
dionysus = [
    {file = "dionysus-2.0.8-cp39-cp39-macosx_10_15_x86_64.whl", hash = "sha256:6f3f641326786d159895dade8b84df5de4fd6bafcb59241f3a1c26a4717f8843"},
    {file = "dionysus-2.0.8.tar.gz", hash = "sha256:7ea34f76e3d796d2ae2c66e3369037a70b0430b8869175ec34cae2649a485157"},
]
idna = [
    {file = "idna-2.10-py2.py3-none-any.whl", hash = "sha256:b97d804b1e9b523befed77c48dacec60e6dcb0b5391d57af6a65a312a90648c0"},
    {file = "idna-2.10.tar.gz", hash = "sha256:b307872f855b18632ce0c21c5e45be78c0ea7ae4c15c828c20788b26921eb3f6"},
]
netcdf4 = [
    {file = "netCDF4-1.5.6-cp36-cp36m-macosx_10_9_x86_64.whl", hash = "sha256:573369b148aadc47e1da0e82b001412ecd7577f72ae742e2508e03d2cff2a2ce"},
    {file = "netCDF4-1.5.6-cp36-cp36m-manylinux1_i686.whl", hash = "sha256:e0a2ff2caec5e492d55f8f2e4666876899bb504f70c7b3c71e31c2791f46fee2"},
    {file = "netCDF4-1.5.6-cp36-cp36m-manylinux1_x86_64.whl", hash = "sha256:5a2c419fdca00fbf1d1c0fcd471cd136b6c4b9e32695c68111712bb6caefd2cf"},
    {file = "netCDF4-1.5.6-cp36-cp36m-manylinux2010_i686.whl", hash = "sha256:9cb51d0e95b155dba6e138ecfaea6ff3a22dfc11e4bf3bf22483c3beb376270e"},
    {file = "netCDF4-1.5.6-cp36-cp36m-manylinux2010_x86_64.whl", hash = "sha256:a397023964752c543c5e73d6c46c9af111970d0bc15ffc5dc6ba280cd9f954ca"},
    {file = "netCDF4-1.5.6-cp36-cp36m-manylinux2014_i686.whl", hash = "sha256:48e733b2e817e8547d164258a14d360be27c70ed9ec513422886468539ea1583"},
    {file = "netCDF4-1.5.6-cp36-cp36m-manylinux2014_x86_64.whl", hash = "sha256:852cd767198819ba43761dbb5bbb523e3f112aa86fe24a864ee43a3378949050"},
    {file = "netCDF4-1.5.6-cp36-cp36m-win32.whl", hash = "sha256:75ce1f5adc52fe696674d36956ea419f5e029b783bf342f2cb35c3b1ae32cd83"},
    {file = "netCDF4-1.5.6-cp36-cp36m-win_amd64.whl", hash = "sha256:1e164e73365c71d46e0f7232ecb738422b7e21be614f13c96ef6de695f53a0b1"},
    {file = "netCDF4-1.5.6-cp37-cp37m-macosx_10_9_x86_64.whl", hash = "sha256:ff27c422fd45c7a482bedb643d1be0ff0c58c6f0b2888e6fe0e3da059050f779"},
    {file = "netCDF4-1.5.6-cp37-cp37m-manylinux1_i686.whl", hash = "sha256:c9d4a28253b91a033e1d9088ee95b4de98e35b18639834a7f87a3513cb2dfc51"},
    {file = "netCDF4-1.5.6-cp37-cp37m-manylinux1_x86_64.whl", hash = "sha256:030a829ed599cedf777a31655081eb37ed875d99c7118071f166ccd0e7b6708b"},
    {file = "netCDF4-1.5.6-cp37-cp37m-manylinux2010_i686.whl", hash = "sha256:16f9669226b1ac0456673dd3eb52c2a1b95ce4934de3b479a2850146e231b518"},
    {file = "netCDF4-1.5.6-cp37-cp37m-manylinux2010_x86_64.whl", hash = "sha256:fea789b2c2ae6bf64e8e917ca232654c4af60be2ef1153d73ddf90fa8f911a64"},
    {file = "netCDF4-1.5.6-cp37-cp37m-manylinux2014_i686.whl", hash = "sha256:90a3a92616c7f2ec5bb1c0bed7ba7b372037d0d2e58ecff9d4d0785da6d11f0c"},
    {file = "netCDF4-1.5.6-cp37-cp37m-manylinux2014_x86_64.whl", hash = "sha256:102a53dff290e9ba27fb3e2a46f87242c2112be91fd60663413437d3a786212f"},
    {file = "netCDF4-1.5.6-cp37-cp37m-win32.whl", hash = "sha256:5043910434e556b84831d07bcde4aa8672ff15d6eae74a90a07dfaa88171e301"},
    {file = "netCDF4-1.5.6-cp37-cp37m-win_amd64.whl", hash = "sha256:47476489f6c8e4d4584b99aea5511ff69acc7a8d3d8359452e457123f7ec378d"},
    {file = "netCDF4-1.5.6-cp38-cp38-macosx_10_9_x86_64.whl", hash = "sha256:5253f009d2ec3d9cb9246c93651a287e7f39573f00eb2a873fd1fecfe0b965e4"},
    {file = "netCDF4-1.5.6-cp38-cp38-manylinux1_i686.whl", hash = "sha256:a756d75056812cfc97e17f18a11cc6542d64433631e02214a5173be4ed85ab5b"},
    {file = "netCDF4-1.5.6-cp38-cp38-manylinux1_x86_64.whl", hash = "sha256:ea49e74af3eebf981e6a6308e6c7ec0bc898bc8762b69094ebf01c8af114f36e"},
    {file = "netCDF4-1.5.6-cp38-cp38-manylinux2010_i686.whl", hash = "sha256:75c078b82830e77ac0c683a1a88cd8502cfb34903d054639d36bd84c2242a4a4"},
    {file = "netCDF4-1.5.6-cp38-cp38-manylinux2010_x86_64.whl", hash = "sha256:f7253fc6bfc62783cb2236f1845da668ee90ea1ece4af9d53c3bbfe56896d14c"},
    {file = "netCDF4-1.5.6-cp38-cp38-manylinux2014_i686.whl", hash = "sha256:dfe8d89a4f22ae5a608dd0bd7535142c492121a24a0e56ec7038785d11cf08ba"},
    {file = "netCDF4-1.5.6-cp38-cp38-manylinux2014_x86_64.whl", hash = "sha256:54d60ebccf44e27a51f787cbbf759354e357b1e4a596684844279bb75f5211db"},
    {file = "netCDF4-1.5.6-cp38-cp38-win32.whl", hash = "sha256:cc7f7a24842f50fa73ac65208450ab84626f11c7b4bc1ac72309a7aa5e5f200b"},
    {file = "netCDF4-1.5.6-cp38-cp38-win_amd64.whl", hash = "sha256:ae846f990852484fffa9e6c7bc1aad4aacb01d24a0bdb201697f083242949e66"},
    {file = "netCDF4-1.5.6-cp39-cp39-macosx_10_9_x86_64.whl", hash = "sha256:d8a4c06f797a566e7f811fadbff77a7fd6b18f51fa6a81cc1adc18e141400237"},
    {file = "netCDF4-1.5.6-cp39-cp39-manylinux1_i686.whl", hash = "sha256:dfa678fea3aaeac62b0bff6c68a29c829a17d77858657cb05fdabc7ace8892e5"},
    {file = "netCDF4-1.5.6-cp39-cp39-manylinux1_x86_64.whl", hash = "sha256:ed80a71d71b6db99f399a8d83a06902198719e8947f5b9ada2fca8d6d5c21403"},
    {file = "netCDF4-1.5.6-cp39-cp39-manylinux2010_i686.whl", hash = "sha256:e737b80b67eb2158101aa850e69cc851a6c8bfb54fbff048156e0a50e056312c"},
    {file = "netCDF4-1.5.6-cp39-cp39-manylinux2010_x86_64.whl", hash = "sha256:0cc85faf00111fa3a3e445de61b73eda5aae567cd8ca0bf595c21d0f8f55caf9"},
    {file = "netCDF4-1.5.6-cp39-cp39-manylinux2014_i686.whl", hash = "sha256:3449f4f32974941658e670dc5d9745d67fb76039b6b6167e37aecb208adacd49"},
    {file = "netCDF4-1.5.6-cp39-cp39-manylinux2014_x86_64.whl", hash = "sha256:4849ffdf493f6094d985b3465fac09aacd376684fbbd241e3d2accc6e5763215"},
    {file = "netCDF4-1.5.6-cp39-cp39-win32.whl", hash = "sha256:61c92dca8818903bfa8838855d1ba10e27560aefd5b47c03b56948c10f6b3bd2"},
    {file = "netCDF4-1.5.6-cp39-cp39-win_amd64.whl", hash = "sha256:2bfd140761cd1ece46d3d5bb05cf5d4ac26cac392855ee70acfa4d7c1ab73392"},
    {file = "netCDF4-1.5.6-pp37-pypy37_pp73-win32.whl", hash = "sha256:d99ef8694633f095b8491db1a8249320572fff0e5eefd8dd61f18bdfa8297a80"},
    {file = "netCDF4-1.5.6.tar.gz", hash = "sha256:7577f4656af8431b2fa6b6797acb45f81fa1890120e9123b3645e14765da5a7c"},
]
numpy = [
    {file = "numpy-1.20.3-cp37-cp37m-macosx_10_9_x86_64.whl", hash = "sha256:70eb5808127284c4e5c9e836208e09d685a7978b6a216db85960b1a112eeace8"},
    {file = "numpy-1.20.3-cp37-cp37m-manylinux_2_12_i686.manylinux2010_i686.whl", hash = "sha256:6ca2b85a5997dabc38301a22ee43c82adcb53ff660b89ee88dded6b33687e1d8"},
    {file = "numpy-1.20.3-cp37-cp37m-manylinux_2_12_x86_64.manylinux2010_x86_64.whl", hash = "sha256:c5bf0e132acf7557fc9bb8ded8b53bbbbea8892f3c9a1738205878ca9434206a"},
    {file = "numpy-1.20.3-cp37-cp37m-manylinux_2_17_aarch64.manylinux2014_aarch64.whl", hash = "sha256:db250fd3e90117e0312b611574cd1b3f78bec046783195075cbd7ba9c3d73f16"},
    {file = "numpy-1.20.3-cp37-cp37m-manylinux_2_5_i686.manylinux1_i686.whl", hash = "sha256:637d827248f447e63585ca3f4a7d2dfaa882e094df6cfa177cc9cf9cd6cdf6d2"},
    {file = "numpy-1.20.3-cp37-cp37m-manylinux_2_5_x86_64.manylinux1_x86_64.whl", hash = "sha256:8b7bb4b9280da3b2856cb1fc425932f46fba609819ee1c62256f61799e6a51d2"},
    {file = "numpy-1.20.3-cp37-cp37m-win32.whl", hash = "sha256:67d44acb72c31a97a3d5d33d103ab06d8ac20770e1c5ad81bdb3f0c086a56cf6"},
    {file = "numpy-1.20.3-cp37-cp37m-win_amd64.whl", hash = "sha256:43909c8bb289c382170e0282158a38cf306a8ad2ff6dfadc447e90f9961bef43"},
    {file = "numpy-1.20.3-cp38-cp38-macosx_10_9_x86_64.whl", hash = "sha256:f1452578d0516283c87608a5a5548b0cdde15b99650efdfd85182102ef7a7c17"},
    {file = "numpy-1.20.3-cp38-cp38-manylinux_2_12_i686.manylinux2010_i686.whl", hash = "sha256:6e51534e78d14b4a009a062641f465cfaba4fdcb046c3ac0b1f61dd97c861b1b"},
    {file = "numpy-1.20.3-cp38-cp38-manylinux_2_12_x86_64.manylinux2010_x86_64.whl", hash = "sha256:e515c9a93aebe27166ec9593411c58494fa98e5fcc219e47260d9ab8a1cc7f9f"},
    {file = "numpy-1.20.3-cp38-cp38-manylinux_2_17_aarch64.manylinux2014_aarch64.whl", hash = "sha256:c1c09247ccea742525bdb5f4b5ceeacb34f95731647fe55774aa36557dbb5fa4"},
    {file = "numpy-1.20.3-cp38-cp38-manylinux_2_5_i686.manylinux1_i686.whl", hash = "sha256:66fbc6fed94a13b9801fb70b96ff30605ab0a123e775a5e7a26938b717c5d71a"},
    {file = "numpy-1.20.3-cp38-cp38-manylinux_2_5_x86_64.manylinux1_x86_64.whl", hash = "sha256:ea9cff01e75a956dbee133fa8e5b68f2f92175233de2f88de3a682dd94deda65"},
    {file = "numpy-1.20.3-cp38-cp38-win32.whl", hash = "sha256:f39a995e47cb8649673cfa0579fbdd1cdd33ea497d1728a6cb194d6252268e48"},
    {file = "numpy-1.20.3-cp38-cp38-win_amd64.whl", hash = "sha256:1676b0a292dd3c99e49305a16d7a9f42a4ab60ec522eac0d3dd20cdf362ac010"},
    {file = "numpy-1.20.3-cp39-cp39-macosx_10_9_x86_64.whl", hash = "sha256:830b044f4e64a76ba71448fce6e604c0fc47a0e54d8f6467be23749ac2cbd2fb"},
    {file = "numpy-1.20.3-cp39-cp39-manylinux_2_12_i686.manylinux2010_i686.whl", hash = "sha256:55b745fca0a5ab738647d0e4db099bd0a23279c32b31a783ad2ccea729e632df"},
    {file = "numpy-1.20.3-cp39-cp39-manylinux_2_12_x86_64.manylinux2010_x86_64.whl", hash = "sha256:5d050e1e4bc9ddb8656d7b4f414557720ddcca23a5b88dd7cff65e847864c400"},
    {file = "numpy-1.20.3-cp39-cp39-manylinux_2_17_aarch64.manylinux2014_aarch64.whl", hash = "sha256:a9c65473ebc342715cb2d7926ff1e202c26376c0dcaaee85a1fd4b8d8c1d3b2f"},
    {file = "numpy-1.20.3-cp39-cp39-win32.whl", hash = "sha256:16f221035e8bd19b9dc9a57159e38d2dd060b48e93e1d843c49cb370b0f415fd"},
    {file = "numpy-1.20.3-cp39-cp39-win_amd64.whl", hash = "sha256:6690080810f77485667bfbff4f69d717c3be25e5b11bb2073e76bb3f578d99b4"},
    {file = "numpy-1.20.3-pp37-pypy37_pp73-manylinux_2_12_x86_64.manylinux2010_x86_64.whl", hash = "sha256:4e465afc3b96dbc80cf4a5273e5e2b1e3451286361b4af70ce1adb2984d392f9"},
    {file = "numpy-1.20.3.zip", hash = "sha256:e55185e51b18d788e49fe8305fd73ef4470596b33fc2c1ceb304566b99c71a69"},
]
pybind11 = [
    {file = "pybind11-2.6.2-py2.py3-none-any.whl", hash = "sha256:2d8aebe1709bc367e34e3b23d8eccbf3f387ee9d5640548c6260d33b59f02405"},
    {file = "pybind11-2.6.2.tar.gz", hash = "sha256:d0e0aed9279656f21501243b707eb6e3b951e89e10c3271dedf3ae41c365e5ed"},
]
requests = [
    {file = "requests-2.25.1-py2.py3-none-any.whl", hash = "sha256:c210084e36a42ae6b9219e00e48287def368a26d03a048ddad7bfee44f75871e"},
    {file = "requests-2.25.1.tar.gz", hash = "sha256:27973dd4a904a4f13b263a19c866c13b92a39ed1c964655f025f3f8d3d75b804"},
]
scipy = [
    {file = "scipy-1.6.3-cp37-cp37m-macosx_10_9_x86_64.whl", hash = "sha256:2a799714bf1f791fb2650d73222b248d18d53fd40d6af2df2c898db048189606"},
    {file = "scipy-1.6.3-cp37-cp37m-manylinux1_i686.whl", hash = "sha256:9e3302149a369697c6aaea18b430b216e3c88f9a61b62869f6104881e5f9ef85"},
    {file = "scipy-1.6.3-cp37-cp37m-manylinux1_x86_64.whl", hash = "sha256:b79104878003487e2b4639a20b9092b02e1bad07fc4cf924b495cf413748a777"},
    {file = "scipy-1.6.3-cp37-cp37m-manylinux2014_aarch64.whl", hash = "sha256:44d452850f77e65e25b1eb1ac01e25770323a782bfe3a1a3e43847ad4266d93d"},
    {file = "scipy-1.6.3-cp37-cp37m-win32.whl", hash = "sha256:b30280fbc1fd8082ac822994a98632111810311a9ece71a0e48f739df3c555a2"},
    {file = "scipy-1.6.3-cp37-cp37m-win_amd64.whl", hash = "sha256:10dbcc7de03b8d635a1031cb18fd3eaa997969b64fdf78f99f19ac163a825445"},
    {file = "scipy-1.6.3-cp38-cp38-macosx_10_9_x86_64.whl", hash = "sha256:1b21c6e0dc97b1762590b70dee0daddb291271be0580384d39f02c480b78290a"},
    {file = "scipy-1.6.3-cp38-cp38-manylinux1_i686.whl", hash = "sha256:1caade0ede6967cc675e235c41451f9fb89ae34319ddf4740194094ab736b88d"},
    {file = "scipy-1.6.3-cp38-cp38-manylinux1_x86_64.whl", hash = "sha256:19aeac1ad3e57338723f4657ac8520f41714804568f2e30bd547d684d72c392e"},
    {file = "scipy-1.6.3-cp38-cp38-manylinux2014_aarch64.whl", hash = "sha256:ad7269254de06743fb4768f658753de47d8b54e4672c5ebe8612a007a088bd48"},
    {file = "scipy-1.6.3-cp38-cp38-win32.whl", hash = "sha256:d647757373985207af3343301d89fe738d5a294435a4f2aafb04c13b4388c896"},
    {file = "scipy-1.6.3-cp38-cp38-win_amd64.whl", hash = "sha256:33d1677d46111cfa1c84b87472a0274dde9ef4a7ef2e1f155f012f5f1e995d8f"},
    {file = "scipy-1.6.3-cp39-cp39-macosx_10_9_x86_64.whl", hash = "sha256:d449d40e830366b4c612692ad19fbebb722b6b847f78a7b701b1e0d6cda3cc13"},
    {file = "scipy-1.6.3-cp39-cp39-manylinux1_i686.whl", hash = "sha256:23995dfcf269ec3735e5a8c80cfceaf384369a47699df111a6246b83a55da582"},
    {file = "scipy-1.6.3-cp39-cp39-manylinux1_x86_64.whl", hash = "sha256:fdf606341cd798530b05705c87779606fcdfaf768a8129c348ea94441da15b04"},
    {file = "scipy-1.6.3-cp39-cp39-manylinux2014_aarch64.whl", hash = "sha256:f68eb46b86b2c246af99fcaa6f6e37c7a7a413e1084a794990b877f2ff71f7b6"},
    {file = "scipy-1.6.3-cp39-cp39-win32.whl", hash = "sha256:01b38dec7e9f897d4db04f8de4e20f0f5be3feac98468188a0f47a991b796055"},
    {file = "scipy-1.6.3-cp39-cp39-win_amd64.whl", hash = "sha256:3274ce145b5dc416c49c0cf8b6119f787f0965cd35e22058fe1932c09fe15d77"},
    {file = "scipy-1.6.3.tar.gz", hash = "sha256:a75b014d3294fce26852a9d04ea27b5671d86736beb34acdfc05859246260707"},
]
urllib3 = [
    {file = "urllib3-1.26.5-py2.py3-none-any.whl", hash = "sha256:753a0374df26658f99d826cfe40394a686d05985786d946fbe4165b5148f5a7c"},
    {file = "urllib3-1.26.5.tar.gz", hash = "sha256:a7acd0977125325f516bda9735fa7142b909a8d01e8b2e4c8108d0984e6e0098"},
]
